// !$*UTF8*$!
{
	archiveVersion = 1;
	classes = {
	};
	objectVersion = 56;
	objects = {

/* Begin PBXBuildFile section */
		CF5730BABCDE7468610153D0 /* Demo1ViewController.m in Sources */ = {isa = PBXBuildFile; fileRef = CF573CA52472678EF72886C6 /* Demo1ViewController.m */; };
		CF57310555E6EBF2999D445C /* MyNavigationController.m in Sources */ = {isa = PBXBuildFile; fileRef = CF573E61598A0A232D901934 /* MyNavigationController.m */; };
		CF573121957CF2A79C1A2F1A /* TableDemoController.m in Sources */ = {isa = PBXBuildFile; fileRef = CF57362A574DA04B05019125 /* TableDemoController.m */; };
		CF57329FCA9F180C97EC4EF2 /* MyNavigationDelegate.m in Sources */ = {isa = PBXBuildFile; fileRef = CF5735874DCB779EF7F707C7 /* MyNavigationDelegate.m */; };
		CF5739FC11FA7DDF5BA082C4 /* CollectionDemoController.m in Sources */ = {isa = PBXBuildFile; fileRef = CF57339BD5BFB5F9181B8D7A /* CollectionDemoController.m */; };
		CF573A8A7BE4D455F7DA2939 /* MyViewController.m in Sources */ = {isa = PBXBuildFile; fileRef = CF5739F93A4C192A4635AFB9 /* MyViewController.m */; };
		D315BBE729C0557300BAEEA4 /* Player.m in Sources */ = {isa = PBXBuildFile; fileRef = D315BBE629C0557300BAEEA4 /* Player.m */; };
		D37AF6B929C41573003E9CFB /* CustomUIView.m in Sources */ = {isa = PBXBuildFile; fileRef = D37AF6B829C41573003E9CFB /* CustomUIView.m */; };
		D37AF6C129C45440003E9CFB /* CustomCircleProgress.m in Sources */ = {isa = PBXBuildFile; fileRef = D37AF6C029C4543F003E9CFB /* CustomCircleProgress.m */; };
		D3AA881B29BF3FF000C4E161 /* AppDelegate.m in Sources */ = {isa = PBXBuildFile; fileRef = D3AA881A29BF3FF000C4E161 /* AppDelegate.m */; };
		D3AA881E29BF3FF000C4E161 /* SceneDelegate.m in Sources */ = {isa = PBXBuildFile; fileRef = D3AA881D29BF3FF000C4E161 /* SceneDelegate.m */; };
		D3AA882129BF3FF000C4E161 /* ViewController.m in Sources */ = {isa = PBXBuildFile; fileRef = D3AA882029BF3FF000C4E161 /* ViewController.m */; };
		D3AA882429BF3FF000C4E161 /* Main.storyboard in Resources */ = {isa = PBXBuildFile; fileRef = D3AA882229BF3FF000C4E161 /* Main.storyboard */; };
		D3AA882629BF3FF200C4E161 /* Assets.xcassets in Resources */ = {isa = PBXBuildFile; fileRef = D3AA882529BF3FF200C4E161 /* Assets.xcassets */; };
		D3AA882929BF3FF200C4E161 /* LaunchScreen.storyboard in Resources */ = {isa = PBXBuildFile; fileRef = D3AA882729BF3FF200C4E161 /* LaunchScreen.storyboard */; };
		D3AA882C29BF3FF200C4E161 /* main.m in Sources */ = {isa = PBXBuildFile; fileRef = D3AA882B29BF3FF200C4E161 /* main.m */; };
		D3AA883629BF3FF300C4E161 /* helloworldTests.m in Sources */ = {isa = PBXBuildFile; fileRef = D3AA883529BF3FF300C4E161 /* helloworldTests.m */; };
		D3AA884029BF3FF300C4E161 /* helloworldUITests.m in Sources */ = {isa = PBXBuildFile; fileRef = D3AA883F29BF3FF300C4E161 /* helloworldUITests.m */; };
		D3AA884229BF3FF300C4E161 /* helloworldUITestsLaunchTests.m in Sources */ = {isa = PBXBuildFile; fileRef = D3AA884129BF3FF300C4E161 /* helloworldUITestsLaunchTests.m */; };
		D3E2F94529C2E4100040F7B6 /* Player+PlayerExtension.m in Sources */ = {isa = PBXBuildFile; fileRef = D3E2F94429C2E4100040F7B6 /* Player+PlayerExtension.m */; };
/* End PBXBuildFile section */

/* Begin PBXContainerItemProxy section */
		D3AA883229BF3FF300C4E161 /* PBXContainerItemProxy */ = {
			isa = PBXContainerItemProxy;
			containerPortal = D3AA880E29BF3FF000C4E161 /* Project object */;
			proxyType = 1;
			remoteGlobalIDString = D3AA881529BF3FF000C4E161;
			remoteInfo = helloworld;
		};
		D3AA883C29BF3FF300C4E161 /* PBXContainerItemProxy */ = {
			isa = PBXContainerItemProxy;
			containerPortal = D3AA880E29BF3FF000C4E161 /* Project object */;
			proxyType = 1;
			remoteGlobalIDString = D3AA881529BF3FF000C4E161;
			remoteInfo = helloworld;
		};
/* End PBXContainerItemProxy section */

/* Begin PBXFileReference section */
		CF5732606FF8BBBBC0727A8C /* MyViewController.h */ = {isa = PBXFileReference; fileEncoding = 4; lastKnownFileType = sourcecode.c.h; path = MyViewController.h; sourceTree = "<group>"; };
		CF57339BD5BFB5F9181B8D7A /* CollectionDemoController.m */ = {isa = PBXFileReference; fileEncoding = 4; lastKnownFileType = sourcecode.c.objc; path = CollectionDemoController.m; sourceTree = "<group>"; };
		CF573534DEDF50B8ADF70332 /* TableDemoController.h */ = {isa = PBXFileReference; fileEncoding = 4; lastKnownFileType = sourcecode.c.h; path = TableDemoController.h; sourceTree = "<group>"; };
		CF5735874DCB779EF7F707C7 /* MyNavigationDelegate.m */ = {isa = PBXFileReference; fileEncoding = 4; lastKnownFileType = sourcecode.c.objc; path = MyNavigationDelegate.m; sourceTree = "<group>"; };
		CF5735C46035FCF950BEC3EC /* MyNavigationController.h */ = {isa = PBXFileReference; fileEncoding = 4; lastKnownFileType = sourcecode.c.h; path = MyNavigationController.h; sourceTree = "<group>"; };
		CF57362A574DA04B05019125 /* TableDemoController.m */ = {isa = PBXFileReference; fileEncoding = 4; lastKnownFileType = sourcecode.c.objc; path = TableDemoController.m; sourceTree = "<group>"; };
		CF5739F93A4C192A4635AFB9 /* MyViewController.m */ = {isa = PBXFileReference; fileEncoding = 4; lastKnownFileType = sourcecode.c.objc; path = MyViewController.m; sourceTree = "<group>"; };
		CF573B8E0870BA35C098087F /* MyNavigationDelegate.h */ = {isa = PBXFileReference; fileEncoding = 4; lastKnownFileType = sourcecode.c.h; path = MyNavigationDelegate.h; sourceTree = "<group>"; };
		CF573C19CEAD3BFE0F2CEE10 /* CollectionDemoController.h */ = {isa = PBXFileReference; fileEncoding = 4; lastKnownFileType = sourcecode.c.h; path = CollectionDemoController.h; sourceTree = "<group>"; };
		CF573CA52472678EF72886C6 /* Demo1ViewController.m */ = {isa = PBXFileReference; fileEncoding = 4; lastKnownFileType = sourcecode.c.objc; path = Demo1ViewController.m; sourceTree = "<group>"; };
		CF573E61598A0A232D901934 /* MyNavigationController.m */ = {isa = PBXFileReference; fileEncoding = 4; lastKnownFileType = sourcecode.c.objc; path = MyNavigationController.m; sourceTree = "<group>"; };
		CF573E90C8E75CD2F578A682 /* Demo1ViewController.h */ = {isa = PBXFileReference; fileEncoding = 4; lastKnownFileType = sourcecode.c.h; path = Demo1ViewController.h; sourceTree = "<group>"; };
		D315BBE529C0557300BAEEA4 /* Player.h */ = {isa = PBXFileReference; lastKnownFileType = sourcecode.c.h; path = Player.h; sourceTree = "<group>"; };
		D315BBE629C0557300BAEEA4 /* Player.m */ = {isa = PBXFileReference; lastKnownFileType = sourcecode.c.objc; path = Player.m; sourceTree = "<group>"; };
		D37AF6B429C2F267003E9CFB /* SpeakMethod.h */ = {isa = PBXFileReference; lastKnownFileType = sourcecode.c.h; path = SpeakMethod.h; sourceTree = "<group>"; };
		D37AF6B729C41573003E9CFB /* CustomUIView.h */ = {isa = PBXFileReference; lastKnownFileType = sourcecode.c.h; path = CustomUIView.h; sourceTree = "<group>"; };
		D37AF6B829C41573003E9CFB /* CustomUIView.m */ = {isa = PBXFileReference; lastKnownFileType = sourcecode.c.objc; path = CustomUIView.m; sourceTree = "<group>"; };
		D37AF6BF29C4543F003E9CFB /* CustomCircleProgress.h */ = {isa = PBXFileReference; lastKnownFileType = sourcecode.c.h; path = CustomCircleProgress.h; sourceTree = "<group>"; };
		D37AF6C029C4543F003E9CFB /* CustomCircleProgress.m */ = {isa = PBXFileReference; lastKnownFileType = sourcecode.c.objc; path = CustomCircleProgress.m; sourceTree = "<group>"; };
		D3AA881629BF3FF000C4E161 /* helloworld.app */ = {isa = PBXFileReference; explicitFileType = wrapper.application; includeInIndex = 0; path = helloworld.app; sourceTree = BUILT_PRODUCTS_DIR; };
		D3AA881929BF3FF000C4E161 /* AppDelegate.h */ = {isa = PBXFileReference; lastKnownFileType = sourcecode.c.h; path = AppDelegate.h; sourceTree = "<group>"; };
		D3AA881A29BF3FF000C4E161 /* AppDelegate.m */ = {isa = PBXFileReference; lastKnownFileType = sourcecode.c.objc; path = AppDelegate.m; sourceTree = "<group>"; };
		D3AA881C29BF3FF000C4E161 /* SceneDelegate.h */ = {isa = PBXFileReference; lastKnownFileType = sourcecode.c.h; path = SceneDelegate.h; sourceTree = "<group>"; };
		D3AA881D29BF3FF000C4E161 /* SceneDelegate.m */ = {isa = PBXFileReference; lastKnownFileType = sourcecode.c.objc; path = SceneDelegate.m; sourceTree = "<group>"; };
		D3AA881F29BF3FF000C4E161 /* ViewController.h */ = {isa = PBXFileReference; lastKnownFileType = sourcecode.c.h; path = ViewController.h; sourceTree = "<group>"; };
		D3AA882029BF3FF000C4E161 /* ViewController.m */ = {isa = PBXFileReference; lastKnownFileType = sourcecode.c.objc; path = ViewController.m; sourceTree = "<group>"; };
		D3AA882329BF3FF000C4E161 /* Base */ = {isa = PBXFileReference; lastKnownFileType = file.storyboard; name = Base; path = Base.lproj/Main.storyboard; sourceTree = "<group>"; };
		D3AA882529BF3FF200C4E161 /* Assets.xcassets */ = {isa = PBXFileReference; lastKnownFileType = folder.assetcatalog; path = Assets.xcassets; sourceTree = "<group>"; };
		D3AA882829BF3FF200C4E161 /* Base */ = {isa = PBXFileReference; lastKnownFileType = file.storyboard; name = Base; path = Base.lproj/LaunchScreen.storyboard; sourceTree = "<group>"; };
		D3AA882A29BF3FF200C4E161 /* Info.plist */ = {isa = PBXFileReference; lastKnownFileType = text.plist.xml; path = Info.plist; sourceTree = "<group>"; };
		D3AA882B29BF3FF200C4E161 /* main.m */ = {isa = PBXFileReference; lastKnownFileType = sourcecode.c.objc; path = main.m; sourceTree = "<group>"; };
		D3AA883129BF3FF300C4E161 /* helloworldTests.xctest */ = {isa = PBXFileReference; explicitFileType = wrapper.cfbundle; includeInIndex = 0; path = helloworldTests.xctest; sourceTree = BUILT_PRODUCTS_DIR; };
		D3AA883529BF3FF300C4E161 /* helloworldTests.m */ = {isa = PBXFileReference; lastKnownFileType = sourcecode.c.objc; path = helloworldTests.m; sourceTree = "<group>"; };
		D3AA883B29BF3FF300C4E161 /* helloworldUITests.xctest */ = {isa = PBXFileReference; explicitFileType = wrapper.cfbundle; includeInIndex = 0; path = helloworldUITests.xctest; sourceTree = BUILT_PRODUCTS_DIR; };
		D3AA883F29BF3FF300C4E161 /* helloworldUITests.m */ = {isa = PBXFileReference; lastKnownFileType = sourcecode.c.objc; path = helloworldUITests.m; sourceTree = "<group>"; };
		D3AA884129BF3FF300C4E161 /* helloworldUITestsLaunchTests.m */ = {isa = PBXFileReference; lastKnownFileType = sourcecode.c.objc; path = helloworldUITestsLaunchTests.m; sourceTree = "<group>"; };
		D3E2F94329C2E4100040F7B6 /* Player+PlayerExtension.h */ = {isa = PBXFileReference; lastKnownFileType = sourcecode.c.h; path = "Player+PlayerExtension.h"; sourceTree = "<group>"; };
		D3E2F94429C2E4100040F7B6 /* Player+PlayerExtension.m */ = {isa = PBXFileReference; lastKnownFileType = sourcecode.c.objc; path = "Player+PlayerExtension.m"; sourceTree = "<group>"; };
/* End PBXFileReference section */

/* Begin PBXFrameworksBuildPhase section */
		D3AA881329BF3FF000C4E161 /* Frameworks */ = {
			isa = PBXFrameworksBuildPhase;
			buildActionMask = 2147483647;
			files = (
			);
			runOnlyForDeploymentPostprocessing = 0;
		};
		D3AA882E29BF3FF300C4E161 /* Frameworks */ = {
			isa = PBXFrameworksBuildPhase;
			buildActionMask = 2147483647;
			files = (
			);
			runOnlyForDeploymentPostprocessing = 0;
		};
		D3AA883829BF3FF300C4E161 /* Frameworks */ = {
			isa = PBXFrameworksBuildPhase;
			buildActionMask = 2147483647;
			files = (
			);
			runOnlyForDeploymentPostprocessing = 0;
		};
/* End PBXFrameworksBuildPhase section */

/* Begin PBXGroup section */
		CF573DE205A41F5A79D8F683 /* delegate */ = {
			isa = PBXGroup;
			children = (
				CF5735874DCB779EF7F707C7 /* MyNavigationDelegate.m */,
				CF573B8E0870BA35C098087F /* MyNavigationDelegate.h */,
			);
			path = delegate;
			sourceTree = "<group>";
		};
		D37AF6B529C304BF003E9CFB /* object_c_sty */ = {
			isa = PBXGroup;
			children = (
				D315BBE529C0557300BAEEA4 /* Player.h */,
				D315BBE629C0557300BAEEA4 /* Player.m */,
				D3E2F94329C2E4100040F7B6 /* Player+PlayerExtension.h */,
				D3E2F94429C2E4100040F7B6 /* Player+PlayerExtension.m */,
				D37AF6B429C2F267003E9CFB /* SpeakMethod.h */,
			);
			path = object_c_sty;
			sourceTree = "<group>";
		};
		D37AF6B629C4154B003E9CFB /* my_ui_view */ = {
			isa = PBXGroup;
			children = (
				D37AF6B729C41573003E9CFB /* CustomUIView.h */,
				D37AF6B829C41573003E9CFB /* CustomUIView.m */,
				D37AF6BF29C4543F003E9CFB /* CustomCircleProgress.h */,
				D37AF6C029C4543F003E9CFB /* CustomCircleProgress.m */,
			);
			path = my_ui_view;
			sourceTree = "<group>";
		};
		D3AA880D29BF3FF000C4E161 = {
			isa = PBXGroup;
			children = (
				D3AA881829BF3FF000C4E161 /* helloworld */,
				D3AA883429BF3FF300C4E161 /* helloworldTests */,
				D3AA883E29BF3FF300C4E161 /* helloworldUITests */,
				D3AA881729BF3FF000C4E161 /* Products */,
			);
			sourceTree = "<group>";
		};
		D3AA881729BF3FF000C4E161 /* Products */ = {
			isa = PBXGroup;
			children = (
				D3AA881629BF3FF000C4E161 /* helloworld.app */,
				D3AA883129BF3FF300C4E161 /* helloworldTests.xctest */,
				D3AA883B29BF3FF300C4E161 /* helloworldUITests.xctest */,
			);
			name = Products;
			sourceTree = "<group>";
		};
		D3AA881829BF3FF000C4E161 /* helloworld */ = {
			isa = PBXGroup;
			children = (
				D37AF6B629C4154B003E9CFB /* my_ui_view */,
				D37AF6B529C304BF003E9CFB /* object_c_sty */,
				D3AA881929BF3FF000C4E161 /* AppDelegate.h */,
				D3AA881A29BF3FF000C4E161 /* AppDelegate.m */,
				D3AA881C29BF3FF000C4E161 /* SceneDelegate.h */,
				D3AA881D29BF3FF000C4E161 /* SceneDelegate.m */,
				D3AA881F29BF3FF000C4E161 /* ViewController.h */,
				D3AA882029BF3FF000C4E161 /* ViewController.m */,
				D3AA882229BF3FF000C4E161 /* Main.storyboard */,
				D3AA882529BF3FF200C4E161 /* Assets.xcassets */,
				D3AA882729BF3FF200C4E161 /* LaunchScreen.storyboard */,
				D3AA882A29BF3FF200C4E161 /* Info.plist */,
				D3AA882B29BF3FF200C4E161 /* main.m */,
				CF5739F93A4C192A4635AFB9 /* MyViewController.m */,
				CF5732606FF8BBBBC0727A8C /* MyViewController.h */,
				CF573CA52472678EF72886C6 /* Demo1ViewController.m */,
				CF573E90C8E75CD2F578A682 /* Demo1ViewController.h */,
				CF573DE205A41F5A79D8F683 /* delegate */,
				CF573E61598A0A232D901934 /* MyNavigationController.m */,
				CF5735C46035FCF950BEC3EC /* MyNavigationController.h */,
				CF57339BD5BFB5F9181B8D7A /* CollectionDemoController.m */,
				CF573C19CEAD3BFE0F2CEE10 /* CollectionDemoController.h */,
				CF57362A574DA04B05019125 /* TableDemoController.m */,
				CF573534DEDF50B8ADF70332 /* TableDemoController.h */,
			);
			path = helloworld;
			sourceTree = "<group>";
		};
		D3AA883429BF3FF300C4E161 /* helloworldTests */ = {
			isa = PBXGroup;
			children = (
				D3AA883529BF3FF300C4E161 /* helloworldTests.m */,
			);
			path = helloworldTests;
			sourceTree = "<group>";
		};
		D3AA883E29BF3FF300C4E161 /* helloworldUITests */ = {
			isa = PBXGroup;
			children = (
				D3AA883F29BF3FF300C4E161 /* helloworldUITests.m */,
				D3AA884129BF3FF300C4E161 /* helloworldUITestsLaunchTests.m */,
			);
			path = helloworldUITests;
			sourceTree = "<group>";
		};
/* End PBXGroup section */

/* Begin PBXNativeTarget section */
		D3AA881529BF3FF000C4E161 /* helloworld */ = {
			isa = PBXNativeTarget;
			buildConfigurationList = D3AA884529BF3FF300C4E161 /* Build configuration list for PBXNativeTarget "helloworld" */;
			buildPhases = (
				D3AA881229BF3FF000C4E161 /* Sources */,
				D3AA881329BF3FF000C4E161 /* Frameworks */,
				D3AA881429BF3FF000C4E161 /* Resources */,
			);
			buildRules = (
			);
			dependencies = (
			);
			name = helloworld;
			productName = helloworld;
			productReference = D3AA881629BF3FF000C4E161 /* helloworld.app */;
			productType = "com.apple.product-type.application";
		};
		D3AA883029BF3FF300C4E161 /* helloworldTests */ = {
			isa = PBXNativeTarget;
			buildConfigurationList = D3AA884829BF3FF300C4E161 /* Build configuration list for PBXNativeTarget "helloworldTests" */;
			buildPhases = (
				D3AA882D29BF3FF300C4E161 /* Sources */,
				D3AA882E29BF3FF300C4E161 /* Frameworks */,
				D3AA882F29BF3FF300C4E161 /* Resources */,
			);
			buildRules = (
			);
			dependencies = (
				D3AA883329BF3FF300C4E161 /* PBXTargetDependency */,
			);
			name = helloworldTests;
			productName = helloworldTests;
			productReference = D3AA883129BF3FF300C4E161 /* helloworldTests.xctest */;
			productType = "com.apple.product-type.bundle.unit-test";
		};
		D3AA883A29BF3FF300C4E161 /* helloworldUITests */ = {
			isa = PBXNativeTarget;
			buildConfigurationList = D3AA884B29BF3FF300C4E161 /* Build configuration list for PBXNativeTarget "helloworldUITests" */;
			buildPhases = (
				D3AA883729BF3FF300C4E161 /* Sources */,
				D3AA883829BF3FF300C4E161 /* Frameworks */,
				D3AA883929BF3FF300C4E161 /* Resources */,
			);
			buildRules = (
			);
			dependencies = (
				D3AA883D29BF3FF300C4E161 /* PBXTargetDependency */,
			);
			name = helloworldUITests;
			productName = helloworldUITests;
			productReference = D3AA883B29BF3FF300C4E161 /* helloworldUITests.xctest */;
			productType = "com.apple.product-type.bundle.ui-testing";
		};
/* End PBXNativeTarget section */

/* Begin PBXProject section */
		D3AA880E29BF3FF000C4E161 /* Project object */ = {
			isa = PBXProject;
			attributes = {
				BuildIndependentTargetsInParallel = 1;
				LastUpgradeCheck = 1400;
				TargetAttributes = {
					D3AA881529BF3FF000C4E161 = {
						CreatedOnToolsVersion = 14.0.1;
					};
					D3AA883029BF3FF300C4E161 = {
						CreatedOnToolsVersion = 14.0.1;
						TestTargetID = D3AA881529BF3FF000C4E161;
					};
					D3AA883A29BF3FF300C4E161 = {
						CreatedOnToolsVersion = 14.0.1;
						TestTargetID = D3AA881529BF3FF000C4E161;
					};
				};
			};
			buildConfigurationList = D3AA881129BF3FF000C4E161 /* Build configuration list for PBXProject "helloworld" */;
			compatibilityVersion = "Xcode 14.0";
			developmentRegion = en;
			hasScannedForEncodings = 0;
			knownRegions = (
				en,
				Base,
			);
			mainGroup = D3AA880D29BF3FF000C4E161;
			productRefGroup = D3AA881729BF3FF000C4E161 /* Products */;
			projectDirPath = "";
			projectRoot = "";
			targets = (
				D3AA881529BF3FF000C4E161 /* helloworld */,
				D3AA883029BF3FF300C4E161 /* helloworldTests */,
				D3AA883A29BF3FF300C4E161 /* helloworldUITests */,
			);
		};
/* End PBXProject section */

/* Begin PBXResourcesBuildPhase section */
		D3AA881429BF3FF000C4E161 /* Resources */ = {
			isa = PBXResourcesBuildPhase;
			buildActionMask = 2147483647;
			files = (
				D3AA882929BF3FF200C4E161 /* LaunchScreen.storyboard in Resources */,
				D3AA882629BF3FF200C4E161 /* Assets.xcassets in Resources */,
				D3AA882429BF3FF000C4E161 /* Main.storyboard in Resources */,
			);
			runOnlyForDeploymentPostprocessing = 0;
		};
		D3AA882F29BF3FF300C4E161 /* Resources */ = {
			isa = PBXResourcesBuildPhase;
			buildActionMask = 2147483647;
			files = (
			);
			runOnlyForDeploymentPostprocessing = 0;
		};
		D3AA883929BF3FF300C4E161 /* Resources */ = {
			isa = PBXResourcesBuildPhase;
			buildActionMask = 2147483647;
			files = (
			);
			runOnlyForDeploymentPostprocessing = 0;
		};
/* End PBXResourcesBuildPhase section */

/* Begin PBXSourcesBuildPhase section */
		D3AA881229BF3FF000C4E161 /* Sources */ = {
			isa = PBXSourcesBuildPhase;
			buildActionMask = 2147483647;
			files = (
				D3AA882129BF3FF000C4E161 /* ViewController.m in Sources */,
				D315BBE729C0557300BAEEA4 /* Player.m in Sources */,
				D3AA881B29BF3FF000C4E161 /* AppDelegate.m in Sources */,
				D37AF6B929C41573003E9CFB /* CustomUIView.m in Sources */,
				D3E2F94529C2E4100040F7B6 /* Player+PlayerExtension.m in Sources */,
				D3AA882C29BF3FF200C4E161 /* main.m in Sources */,
				D3AA881E29BF3FF000C4E161 /* SceneDelegate.m in Sources */,
				D37AF6C129C45440003E9CFB /* CustomCircleProgress.m in Sources */,
				CF573A8A7BE4D455F7DA2939 /* MyViewController.m in Sources */,
				CF5730BABCDE7468610153D0 /* Demo1ViewController.m in Sources */,
				CF57329FCA9F180C97EC4EF2 /* MyNavigationDelegate.m in Sources */,
				CF57310555E6EBF2999D445C /* MyNavigationController.m in Sources */,
				CF5739FC11FA7DDF5BA082C4 /* CollectionDemoController.m in Sources */,
				CF573121957CF2A79C1A2F1A /* TableDemoController.m in Sources */,
			);
			runOnlyForDeploymentPostprocessing = 0;
		};
		D3AA882D29BF3FF300C4E161 /* Sources */ = {
			isa = PBXSourcesBuildPhase;
			buildActionMask = 2147483647;
			files = (
				D3AA883629BF3FF300C4E161 /* helloworldTests.m in Sources */,
			);
			runOnlyForDeploymentPostprocessing = 0;
		};
		D3AA883729BF3FF300C4E161 /* Sources */ = {
			isa = PBXSourcesBuildPhase;
			buildActionMask = 2147483647;
			files = (
				D3AA884229BF3FF300C4E161 /* helloworldUITestsLaunchTests.m in Sources */,
				D3AA884029BF3FF300C4E161 /* helloworldUITests.m in Sources */,
			);
			runOnlyForDeploymentPostprocessing = 0;
		};
/* End PBXSourcesBuildPhase section */

/* Begin PBXTargetDependency section */
		D3AA883329BF3FF300C4E161 /* PBXTargetDependency */ = {
			isa = PBXTargetDependency;
			target = D3AA881529BF3FF000C4E161 /* helloworld */;
			targetProxy = D3AA883229BF3FF300C4E161 /* PBXContainerItemProxy */;
		};
		D3AA883D29BF3FF300C4E161 /* PBXTargetDependency */ = {
			isa = PBXTargetDependency;
			target = D3AA881529BF3FF000C4E161 /* helloworld */;
			targetProxy = D3AA883C29BF3FF300C4E161 /* PBXContainerItemProxy */;
		};
/* End PBXTargetDependency section */

/* Begin PBXVariantGroup section */
		D3AA882229BF3FF000C4E161 /* Main.storyboard */ = {
			isa = PBXVariantGroup;
			children = (
				D3AA882329BF3FF000C4E161 /* Base */,
			);
			name = Main.storyboard;
			sourceTree = "<group>";
		};
		D3AA882729BF3FF200C4E161 /* LaunchScreen.storyboard */ = {
			isa = PBXVariantGroup;
			children = (
				D3AA882829BF3FF200C4E161 /* Base */,
			);
			name = LaunchScreen.storyboard;
			sourceTree = "<group>";
		};
/* End PBXVariantGroup section */

/* Begin XCBuildConfiguration section */
		D3AA884329BF3FF300C4E161 /* Debug */ = {
			isa = XCBuildConfiguration;
			buildSettings = {
				ALWAYS_SEARCH_USER_PATHS = NO;
				CLANG_ANALYZER_NONNULL = YES;
				CLANG_ANALYZER_NUMBER_OBJECT_CONVERSION = YES_AGGRESSIVE;
				CLANG_CXX_LANGUAGE_STANDARD = "gnu++20";
				CLANG_ENABLE_MODULES = YES;
				CLANG_ENABLE_OBJC_ARC = YES;
				CLANG_ENABLE_OBJC_WEAK = YES;
				CLANG_WARN_BLOCK_CAPTURE_AUTORELEASING = YES;
				CLANG_WARN_BOOL_CONVERSION = YES;
				CLANG_WARN_COMMA = YES;
				CLANG_WARN_CONSTANT_CONVERSION = YES;
				CLANG_WARN_DEPRECATED_OBJC_IMPLEMENTATIONS = YES;
				CLANG_WARN_DIRECT_OBJC_ISA_USAGE = YES_ERROR;
				CLANG_WARN_DOCUMENTATION_COMMENTS = YES;
				CLANG_WARN_EMPTY_BODY = YES;
				CLANG_WARN_ENUM_CONVERSION = YES;
				CLANG_WARN_INFINITE_RECURSION = YES;
				CLANG_WARN_INT_CONVERSION = YES;
				CLANG_WARN_NON_LITERAL_NULL_CONVERSION = YES;
				CLANG_WARN_OBJC_IMPLICIT_RETAIN_SELF = YES;
				CLANG_WARN_OBJC_LITERAL_CONVERSION = YES;
				CLANG_WARN_OBJC_ROOT_CLASS = YES_ERROR;
				CLANG_WARN_QUOTED_INCLUDE_IN_FRAMEWORK_HEADER = YES;
				CLANG_WARN_RANGE_LOOP_ANALYSIS = YES;
				CLANG_WARN_STRICT_PROTOTYPES = YES;
				CLANG_WARN_SUSPICIOUS_MOVE = YES;
				CLANG_WARN_UNGUARDED_AVAILABILITY = YES_AGGRESSIVE;
				CLANG_WARN_UNREACHABLE_CODE = YES;
				CLANG_WARN__DUPLICATE_METHOD_MATCH = YES;
				COPY_PHASE_STRIP = NO;
				DEBUG_INFORMATION_FORMAT = dwarf;
				ENABLE_STRICT_OBJC_MSGSEND = YES;
				ENABLE_TESTABILITY = YES;
				GCC_C_LANGUAGE_STANDARD = gnu11;
				GCC_DYNAMIC_NO_PIC = NO;
				GCC_NO_COMMON_BLOCKS = YES;
				GCC_OPTIMIZATION_LEVEL = 0;
				GCC_PREPROCESSOR_DEFINITIONS = (
					"DEBUG=1",
					"$(inherited)",
				);
				GCC_WARN_64_TO_32_BIT_CONVERSION = YES;
				GCC_WARN_ABOUT_RETURN_TYPE = YES_ERROR;
				GCC_WARN_UNDECLARED_SELECTOR = YES;
				GCC_WARN_UNINITIALIZED_AUTOS = YES_AGGRESSIVE;
				GCC_WARN_UNUSED_FUNCTION = YES;
				GCC_WARN_UNUSED_VARIABLE = YES;
				IPHONEOS_DEPLOYMENT_TARGET = 16.0;
				MTL_ENABLE_DEBUG_INFO = INCLUDE_SOURCE;
				MTL_FAST_MATH = YES;
				ONLY_ACTIVE_ARCH = YES;
				SDKROOT = iphoneos;
			};
			name = Debug;
		};
		D3AA884429BF3FF300C4E161 /* Release */ = {
			isa = XCBuildConfiguration;
			buildSettings = {
				ALWAYS_SEARCH_USER_PATHS = NO;
				CLANG_ANALYZER_NONNULL = YES;
				CLANG_ANALYZER_NUMBER_OBJECT_CONVERSION = YES_AGGRESSIVE;
				CLANG_CXX_LANGUAGE_STANDARD = "gnu++20";
				CLANG_ENABLE_MODULES = YES;
				CLANG_ENABLE_OBJC_ARC = YES;
				CLANG_ENABLE_OBJC_WEAK = YES;
				CLANG_WARN_BLOCK_CAPTURE_AUTORELEASING = YES;
				CLANG_WARN_BOOL_CONVERSION = YES;
				CLANG_WARN_COMMA = YES;
				CLANG_WARN_CONSTANT_CONVERSION = YES;
				CLANG_WARN_DEPRECATED_OBJC_IMPLEMENTATIONS = YES;
				CLANG_WARN_DIRECT_OBJC_ISA_USAGE = YES_ERROR;
				CLANG_WARN_DOCUMENTATION_COMMENTS = YES;
				CLANG_WARN_EMPTY_BODY = YES;
				CLANG_WARN_ENUM_CONVERSION = YES;
				CLANG_WARN_INFINITE_RECURSION = YES;
				CLANG_WARN_INT_CONVERSION = YES;
				CLANG_WARN_NON_LITERAL_NULL_CONVERSION = YES;
				CLANG_WARN_OBJC_IMPLICIT_RETAIN_SELF = YES;
				CLANG_WARN_OBJC_LITERAL_CONVERSION = YES;
				CLANG_WARN_OBJC_ROOT_CLASS = YES_ERROR;
				CLANG_WARN_QUOTED_INCLUDE_IN_FRAMEWORK_HEADER = YES;
				CLANG_WARN_RANGE_LOOP_ANALYSIS = YES;
				CLANG_WARN_STRICT_PROTOTYPES = YES;
				CLANG_WARN_SUSPICIOUS_MOVE = YES;
				CLANG_WARN_UNGUARDED_AVAILABILITY = YES_AGGRESSIVE;
				CLANG_WARN_UNREACHABLE_CODE = YES;
				CLANG_WARN__DUPLICATE_METHOD_MATCH = YES;
				COPY_PHASE_STRIP = NO;
				DEBUG_INFORMATION_FORMAT = "dwarf-with-dsym";
				ENABLE_NS_ASSERTIONS = NO;
				ENABLE_STRICT_OBJC_MSGSEND = YES;
				GCC_C_LANGUAGE_STANDARD = gnu11;
				GCC_NO_COMMON_BLOCKS = YES;
				GCC_WARN_64_TO_32_BIT_CONVERSION = YES;
				GCC_WARN_ABOUT_RETURN_TYPE = YES_ERROR;
				GCC_WARN_UNDECLARED_SELECTOR = YES;
				GCC_WARN_UNINITIALIZED_AUTOS = YES_AGGRESSIVE;
				GCC_WARN_UNUSED_FUNCTION = YES;
				GCC_WARN_UNUSED_VARIABLE = YES;
				IPHONEOS_DEPLOYMENT_TARGET = 16.0;
				MTL_ENABLE_DEBUG_INFO = NO;
				MTL_FAST_MATH = YES;
				SDKROOT = iphoneos;
				VALIDATE_PRODUCT = YES;
			};
			name = Release;
		};
		D3AA884629BF3FF300C4E161 /* Debug */ = {
			isa = XCBuildConfiguration;
			buildSettings = {
				ASSETCATALOG_COMPILER_APPICON_NAME = AppIcon;
				ASSETCATALOG_COMPILER_GLOBAL_ACCENT_COLOR_NAME = AccentColor;
				CODE_SIGN_STYLE = Automatic;
				CURRENT_PROJECT_VERSION = 1;
				DEVELOPMENT_TEAM = TFN6MQ6M96;
				GENERATE_INFOPLIST_FILE = YES;
				INFOPLIST_FILE = helloworld/Info.plist;
				INFOPLIST_KEY_UIApplicationSupportsIndirectInputEvents = YES;
				INFOPLIST_KEY_UILaunchStoryboardName = LaunchScreen;
				INFOPLIST_KEY_UIMainStoryboardFile = Main;
				INFOPLIST_KEY_UISupportedInterfaceOrientations_iPad = "UIInterfaceOrientationPortrait UIInterfaceOrientationPortraitUpsideDown UIInterfaceOrientationLandscapeLeft UIInterfaceOrientationLandscapeRight";
				INFOPLIST_KEY_UISupportedInterfaceOrientations_iPhone = "UIInterfaceOrientationPortrait UIInterfaceOrientationLandscapeLeft UIInterfaceOrientationLandscapeRight";
				IPHONEOS_DEPLOYMENT_TARGET = 14.0;
				LD_RUNPATH_SEARCH_PATHS = (
					"$(inherited)",
					"@executable_path/Frameworks",
				);
				MARKETING_VERSION = 1.0;
				PRODUCT_BUNDLE_IDENTIFIER = com.example.helloworld;
				PRODUCT_NAME = "$(TARGET_NAME)";
				SWIFT_EMIT_LOC_STRINGS = YES;
				TARGETED_DEVICE_FAMILY = "1,2";
			};
			name = Debug;
		};
		D3AA884729BF3FF300C4E161 /* Release */ = {
			isa = XCBuildConfiguration;
			buildSettings = {
				ASSETCATALOG_COMPILER_APPICON_NAME = AppIcon;
				ASSETCATALOG_COMPILER_GLOBAL_ACCENT_COLOR_NAME = AccentColor;
				CODE_SIGN_STYLE = Automatic;
				CURRENT_PROJECT_VERSION = 1;
				DEVELOPMENT_TEAM = TFN6MQ6M96;
				GENERATE_INFOPLIST_FILE = YES;
				INFOPLIST_FILE = helloworld/Info.plist;
				INFOPLIST_KEY_UIApplicationSupportsIndirectInputEvents = YES;
				INFOPLIST_KEY_UILaunchStoryboardName = LaunchScreen;
				INFOPLIST_KEY_UIMainStoryboardFile = Main;
				INFOPLIST_KEY_UISupportedInterfaceOrientations_iPad = "UIInterfaceOrientationPortrait UIInterfaceOrientationPortraitUpsideDown UIInterfaceOrientationLandscapeLeft UIInterfaceOrientationLandscapeRight";
				INFOPLIST_KEY_UISupportedInterfaceOrientations_iPhone = "UIInterfaceOrientationPortrait UIInterfaceOrientationLandscapeLeft UIInterfaceOrientationLandscapeRight";
				IPHONEOS_DEPLOYMENT_TARGET = 14.0;
				LD_RUNPATH_SEARCH_PATHS = (
					"$(inherited)",
					"@executable_path/Frameworks",
				);
				MARKETING_VERSION = 1.0;
				PRODUCT_BUNDLE_IDENTIFIER = com.example.helloworld;
				PRODUCT_NAME = "$(TARGET_NAME)";
				SWIFT_EMIT_LOC_STRINGS = YES;
				TARGETED_DEVICE_FAMILY = "1,2";
			};
			name = Release;
		};
		D3AA884929BF3FF300C4E161 /* Debug */ = {
			isa = XCBuildConfiguration;
			buildSettings = {
				BUNDLE_LOADER = "$(TEST_HOST)";
				CODE_SIGN_STYLE = Automatic;
				CURRENT_PROJECT_VERSION = 1;
				DEVELOPMENT_TEAM = TFN6MQ6M96;
				GENERATE_INFOPLIST_FILE = YES;
				IPHONEOS_DEPLOYMENT_TARGET = 14.0;
				MARKETING_VERSION = 1.0;
				PRODUCT_BUNDLE_IDENTIFIER = com.example.helloworldTests;
				PRODUCT_NAME = "$(TARGET_NAME)";
				SWIFT_EMIT_LOC_STRINGS = NO;
				TARGETED_DEVICE_FAMILY = "1,2";
				TEST_HOST = "$(BUILT_PRODUCTS_DIR)/helloworld.app/$(BUNDLE_EXECUTABLE_FOLDER_PATH)/helloworld";
			};
			name = Debug;
		};
		D3AA884A29BF3FF300C4E161 /* Release */ = {
			isa = XCBuildConfiguration;
			buildSettings = {
				BUNDLE_LOADER = "$(TEST_HOST)";
				CODE_SIGN_STYLE = Automatic;
				CURRENT_PROJECT_VERSION = 1;
				DEVELOPMENT_TEAM = TFN6MQ6M96;
				GENERATE_INFOPLIST_FILE = YES;
				IPHONEOS_DEPLOYMENT_TARGET = 14.0;
				MARKETING_VERSION = 1.0;
				PRODUCT_BUNDLE_IDENTIFIER = com.example.helloworldTests;
				PRODUCT_NAME = "$(TARGET_NAME)";
				SWIFT_EMIT_LOC_STRINGS = NO;
				TARGETED_DEVICE_FAMILY = "1,2";
				TEST_HOST = "$(BUILT_PRODUCTS_DIR)/helloworld.app/$(BUNDLE_EXECUTABLE_FOLDER_PATH)/helloworld";
			};
			name = Release;
		};
		D3AA884C29BF3FF300C4E161 /* Debug */ = {
			isa = XCBuildConfiguration;
			buildSettings = {
				CODE_SIGN_STYLE = Automatic;
				CURRENT_PROJECT_VERSION = 1;
				DEVELOPMENT_TEAM = TFN6MQ6M96;
				GENERATE_INFOPLIST_FILE = YES;
				IPHONEOS_DEPLOYMENT_TARGET = 14.0;
				MARKETING_VERSION = 1.0;
				PRODUCT_BUNDLE_IDENTIFIER = com.example.helloworldUITests;
				PRODUCT_NAME = "$(TARGET_NAME)";
				SWIFT_EMIT_LOC_STRINGS = NO;
				TARGETED_DEVICE_FAMILY = "1,2";
				TEST_TARGET_NAME = helloworld;
			};
			name = Debug;
		};
		D3AA884D29BF3FF300C4E161 /* Release */ = {
			isa = XCBuildConfiguration;
			buildSettings = {
				CODE_SIGN_STYLE = Automatic;
				CURRENT_PROJECT_VERSION = 1;
				DEVELOPMENT_TEAM = TFN6MQ6M96;
				GENERATE_INFOPLIST_FILE = YES;
				IPHONEOS_DEPLOYMENT_TARGET = 14.0;
				MARKETING_VERSION = 1.0;
				PRODUCT_BUNDLE_IDENTIFIER = com.example.helloworldUITests;
				PRODUCT_NAME = "$(TARGET_NAME)";
				SWIFT_EMIT_LOC_STRINGS = NO;
				TARGETED_DEVICE_FAMILY = "1,2";
				TEST_TARGET_NAME = helloworld;
			};
			name = Release;
		};
/* End XCBuildConfiguration section */

/* Begin XCConfigurationList section */
		D3AA881129BF3FF000C4E161 /* Build configuration list for PBXProject "helloworld" */ = {
			isa = XCConfigurationList;
			buildConfigurations = (
				D3AA884329BF3FF300C4E161 /* Debug */,
				D3AA884429BF3FF300C4E161 /* Release */,
			);
			defaultConfigurationIsVisible = 0;
			defaultConfigurationName = Release;
		};
		D3AA884529BF3FF300C4E161 /* Build configuration list for PBXNativeTarget "helloworld" */ = {
			isa = XCConfigurationList;
			buildConfigurations = (
				D3AA884629BF3FF300C4E161 /* Debug */,
				D3AA884729BF3FF300C4E161 /* Release */,
			);
			defaultConfigurationIsVisible = 0;
			defaultConfigurationName = Release;
		};
		D3AA884829BF3FF300C4E161 /* Build configuration list for PBXNativeTarget "helloworldTests" */ = {
			isa = XCConfigurationList;
			buildConfigurations = (
				D3AA884929BF3FF300C4E161 /* Debug */,
				D3AA884A29BF3FF300C4E161 /* Release */,
			);
			defaultConfigurationIsVisible = 0;
			defaultConfigurationName = Release;
		};
		D3AA884B29BF3FF300C4E161 /* Build configuration list for PBXNativeTarget "helloworldUITests" */ = {
			isa = XCConfigurationList;
			buildConfigurations = (
				D3AA884C29BF3FF300C4E161 /* Debug */,
				D3AA884D29BF3FF300C4E161 /* Release */,
			);
			defaultConfigurationIsVisible = 0;
			defaultConfigurationName = Release;
		};
/* End XCConfigurationList section */
	};
	rootObject = D3AA880E29BF3FF000C4E161 /* Project object */;
}
