// !$*UTF8*$!
{
	archiveVersion = 1;
	classes = {
	};
	objectVersion = 56;
	objects = {

/* Begin PBXBuildFile section */
		22FAB878BD96F8CF95D084C3 /* Pods_helloworld.framework in Frameworks */ = {isa = PBXBuildFile; fileRef = 623DD016F363176B46FC3629 /* Pods_helloworld.framework */; };
		4107E80A28125531450B0488 /* Pods_helloworldTests.framework in Frameworks */ = {isa = PBXBuildFile; fileRef = 381436767C9A3731CAFE18B6 /* Pods_helloworldTests.framework */; };
		CF573177F906BCD4BA9EDF3F /* MyViewController.m in Sources */ = {isa = PBXBuildFile; fileRef = CF573A7E9CB8CB6690B8085A /* MyViewController.m */; };
		CF5731B4260C7FCCFDC16F89 /* MyCustomCell.m in Sources */ = {isa = PBXBuildFile; fileRef = CF57372CC4449E5A1E3D9229 /* MyCustomCell.m */; };
		CF57329FCA9F180C97EC4EF2 /* MyNavigationDelegate.m in Sources */ = {isa = PBXBuildFile; fileRef = CF5735874DCB779EF7F707C7 /* MyNavigationDelegate.m */; };
		CF57370BD896EC8E0BCDDBCB /* ViewController.m in Sources */ = {isa = PBXBuildFile; fileRef = CF573120960400DDDB1F6FF1 /* ViewController.m */; };
		CF57378D2C6B32818C4C2D9A /* TableDemoController.m in Sources */ = {isa = PBXBuildFile; fileRef = CF5733618B6EF6B34CB11E5A /* TableDemoController.m */; };
		CF5737CF20564B0DB5B3D8D0 /* MyNavigationController.m in Sources */ = {isa = PBXBuildFile; fileRef = CF57335EBC24FC99F37EBDFC /* MyNavigationController.m */; };
		CF573D202982B44F2C254CE5 /* CustomViewController.m in Sources */ = {isa = PBXBuildFile; fileRef = CF573A7CDA4790A93BE441D4 /* CustomViewController.m */; };
		CF573F53D3642FFE3F7A493B /* Demo1ViewController.m in Sources */ = {isa = PBXBuildFile; fileRef = CF573233916F406A1FD50127 /* Demo1ViewController.m */; };
		CF573F813F29C186BD7C28D3 /* CollectionViewController.m in Sources */ = {isa = PBXBuildFile; fileRef = CF5731F05ECAC7EA0B1B7042 /* CollectionViewController.m */; };
		CF573FEF36493794BE890B26 /* ScrollViewDemoController.m in Sources */ = {isa = PBXBuildFile; fileRef = CF573F7CD07301A564D04FD7 /* ScrollViewDemoController.m */; };
		D315BBE729C0557300BAEEA4 /* Player.m in Sources */ = {isa = PBXBuildFile; fileRef = D315BBE629C0557300BAEEA4 /* Player.m */; };
		D32CE01829C99A7200E08836 /* EmptyCell.xib in Resources */ = {isa = PBXBuildFile; fileRef = D32CE01729C99A7200E08836 /* EmptyCell.xib */; };
		D32CE01C29C99B7B00E08836 /* MyNibView.m in Sources */ = {isa = PBXBuildFile; fileRef = D32CE01B29C99B7B00E08836 /* MyNibView.m */; };
		D32CE01E29C99B8C00E08836 /* EmptyView.xib in Resources */ = {isa = PBXBuildFile; fileRef = D32CE01D29C99B8C00E08836 /* EmptyView.xib */; };
		D32D492229CA94A700443492 /* NetworkTest.m in Sources */ = {isa = PBXBuildFile; fileRef = D32D492129CA94A700443492 /* NetworkTest.m */; };
		D37AF6B929C41573003E9CFB /* CustomUIView.m in Sources */ = {isa = PBXBuildFile; fileRef = D37AF6B829C41573003E9CFB /* CustomUIView.m */; };
		D37AF6C129C45440003E9CFB /* CustomCircleProgress.m in Sources */ = {isa = PBXBuildFile; fileRef = D37AF6C029C4543F003E9CFB /* CustomCircleProgress.m */; };
		D3AA881B29BF3FF000C4E161 /* AppDelegate.m in Sources */ = {isa = PBXBuildFile; fileRef = D3AA881A29BF3FF000C4E161 /* AppDelegate.m */; };
		D3AA881E29BF3FF000C4E161 /* SceneDelegate.m in Sources */ = {isa = PBXBuildFile; fileRef = D3AA881D29BF3FF000C4E161 /* SceneDelegate.m */; };
		D3AA882429BF3FF000C4E161 /* Main.storyboard in Resources */ = {isa = PBXBuildFile; fileRef = D3AA882229BF3FF000C4E161 /* Main.storyboard */; };
		D3AA882629BF3FF200C4E161 /* Assets.xcassets in Resources */ = {isa = PBXBuildFile; fileRef = D3AA882529BF3FF200C4E161 /* Assets.xcassets */; };
		D3AA882929BF3FF200C4E161 /* LaunchScreen.storyboard in Resources */ = {isa = PBXBuildFile; fileRef = D3AA882729BF3FF200C4E161 /* LaunchScreen.storyboard */; };
		D3AA882C29BF3FF200C4E161 /* main.m in Sources */ = {isa = PBXBuildFile; fileRef = D3AA882B29BF3FF200C4E161 /* main.m */; };
		D3AA883629BF3FF300C4E161 /* helloworldTests.m in Sources */ = {isa = PBXBuildFile; fileRef = D3AA883529BF3FF300C4E161 /* helloworldTests.m */; };
		D3AA884029BF3FF300C4E161 /* helloworldUITests.m in Sources */ = {isa = PBXBuildFile; fileRef = D3AA883F29BF3FF300C4E161 /* helloworldUITests.m */; };
		D3AA884229BF3FF300C4E161 /* helloworldUITestsLaunchTests.m in Sources */ = {isa = PBXBuildFile; fileRef = D3AA884129BF3FF300C4E161 /* helloworldUITestsLaunchTests.m */; };
		D3AE6AF929C9D4450022FC87 /* MultiThreadTest.m in Sources */ = {isa = PBXBuildFile; fileRef = D3AE6AF829C9D4450022FC87 /* MultiThreadTest.m */; };
		D3DFFFD929D939A000CB08ED /* MyCustomViewController.m in Sources */ = {isa = PBXBuildFile; fileRef = D3DFFFD829D939A000CB08ED /* MyCustomViewController.m */; };
		D3DFFFDE29D93C9000CB08ED /* ProgressBar.m in Sources */ = {isa = PBXBuildFile; fileRef = D3DFFFDD29D93C9000CB08ED /* ProgressBar.m */; };
		D3DFFFE429D9863F00CB08ED /* CustomDnsURLSession.m in Sources */ = {isa = PBXBuildFile; fileRef = D3DFFFE329D9863F00CB08ED /* CustomDnsURLSession.m */; };
		D3E2F94529C2E4100040F7B6 /* Player+PlayerExtension.m in Sources */ = {isa = PBXBuildFile; fileRef = D3E2F94429C2E4100040F7B6 /* Player+PlayerExtension.m */; };
		DADC2F64574958E8115F2C56 /* Pods_helloworld_helloworldUITests.framework in Frameworks */ = {isa = PBXBuildFile; fileRef = 5F058FEB45C232BB1AD67225 /* Pods_helloworld_helloworldUITests.framework */; };
/* End PBXBuildFile section */

/* Begin PBXContainerItemProxy section */
		D3AA883229BF3FF300C4E161 /* PBXContainerItemProxy */ = {
			isa = PBXContainerItemProxy;
			containerPortal = D3AA880E29BF3FF000C4E161 /* Project object */;
			proxyType = 1;
			remoteGlobalIDString = D3AA881529BF3FF000C4E161;
			remoteInfo = helloworld;
		};
		D3AA883C29BF3FF300C4E161 /* PBXContainerItemProxy */ = {
			isa = PBXContainerItemProxy;
			containerPortal = D3AA880E29BF3FF000C4E161 /* Project object */;
			proxyType = 1;
			remoteGlobalIDString = D3AA881529BF3FF000C4E161;
			remoteInfo = helloworld;
		};
/* End PBXContainerItemProxy section */

/* Begin PBXFileReference section */
		1957D8C3FB02B311D447802D /* Pods-helloworldTests.debug.xcconfig */ = {isa = PBXFileReference; includeInIndex = 1; lastKnownFileType = text.xcconfig; name = "Pods-helloworldTests.debug.xcconfig"; path = "Target Support Files/Pods-helloworldTests/Pods-helloworldTests.debug.xcconfig"; sourceTree = "<group>"; };
		381436767C9A3731CAFE18B6 /* Pods_helloworldTests.framework */ = {isa = PBXFileReference; explicitFileType = wrapper.framework; includeInIndex = 0; path = Pods_helloworldTests.framework; sourceTree = BUILT_PRODUCTS_DIR; };
		5F058FEB45C232BB1AD67225 /* Pods_helloworld_helloworldUITests.framework */ = {isa = PBXFileReference; explicitFileType = wrapper.framework; includeInIndex = 0; path = Pods_helloworld_helloworldUITests.framework; sourceTree = BUILT_PRODUCTS_DIR; };
		623DD016F363176B46FC3629 /* Pods_helloworld.framework */ = {isa = PBXFileReference; explicitFileType = wrapper.framework; includeInIndex = 0; path = Pods_helloworld.framework; sourceTree = BUILT_PRODUCTS_DIR; };
		80FD2F6F0160ABA48D78C63C /* Pods-helloworld-helloworldUITests.debug.xcconfig */ = {isa = PBXFileReference; includeInIndex = 1; lastKnownFileType = text.xcconfig; name = "Pods-helloworld-helloworldUITests.debug.xcconfig"; path = "Target Support Files/Pods-helloworld-helloworldUITests/Pods-helloworld-helloworldUITests.debug.xcconfig"; sourceTree = "<group>"; };
		99BC8E94F824CC2EE8C5FE7C /* Pods-helloworldTests.release.xcconfig */ = {isa = PBXFileReference; includeInIndex = 1; lastKnownFileType = text.xcconfig; name = "Pods-helloworldTests.release.xcconfig"; path = "Target Support Files/Pods-helloworldTests/Pods-helloworldTests.release.xcconfig"; sourceTree = "<group>"; };
		A74F0BD6BEA77B093D72A9FD /* Pods-helloworld-helloworldUITests.release.xcconfig */ = {isa = PBXFileReference; includeInIndex = 1; lastKnownFileType = text.xcconfig; name = "Pods-helloworld-helloworldUITests.release.xcconfig"; path = "Target Support Files/Pods-helloworld-helloworldUITests/Pods-helloworld-helloworldUITests.release.xcconfig"; sourceTree = "<group>"; };
		CF573120960400DDDB1F6FF1 /* ViewController.m */ = {isa = PBXFileReference; fileEncoding = 4; lastKnownFileType = sourcecode.c.objc; path = ViewController.m; sourceTree = "<group>"; };
		CF5731F05ECAC7EA0B1B7042 /* CollectionViewController.m */ = {isa = PBXFileReference; fileEncoding = 4; lastKnownFileType = sourcecode.c.objc; path = CollectionViewController.m; sourceTree = "<group>"; };
		CF573233916F406A1FD50127 /* Demo1ViewController.m */ = {isa = PBXFileReference; fileEncoding = 4; lastKnownFileType = sourcecode.c.objc; path = Demo1ViewController.m; sourceTree = "<group>"; };
		CF57324AB0BDBD59BCAA70E8 /* TableDemoController.h */ = {isa = PBXFileReference; fileEncoding = 4; lastKnownFileType = sourcecode.c.h; path = TableDemoController.h; sourceTree = "<group>"; };
		CF573286959D9C620A4ECBE2 /* MyCustomCell.h */ = {isa = PBXFileReference; fileEncoding = 4; lastKnownFileType = sourcecode.c.h; path = MyCustomCell.h; sourceTree = "<group>"; };
		CF57335EBC24FC99F37EBDFC /* MyNavigationController.m */ = {isa = PBXFileReference; fileEncoding = 4; lastKnownFileType = sourcecode.c.objc; path = MyNavigationController.m; sourceTree = "<group>"; };
		CF5733618B6EF6B34CB11E5A /* TableDemoController.m */ = {isa = PBXFileReference; fileEncoding = 4; lastKnownFileType = sourcecode.c.objc; path = TableDemoController.m; sourceTree = "<group>"; };
		CF5733CCF76CD70F7335C0A3 /* MyViewController.h */ = {isa = PBXFileReference; fileEncoding = 4; lastKnownFileType = sourcecode.c.h; path = MyViewController.h; sourceTree = "<group>"; };
		CF5735874DCB779EF7F707C7 /* MyNavigationDelegate.m */ = {isa = PBXFileReference; fileEncoding = 4; lastKnownFileType = sourcecode.c.objc; path = MyNavigationDelegate.m; sourceTree = "<group>"; };
		CF57372CC4449E5A1E3D9229 /* MyCustomCell.m */ = {isa = PBXFileReference; fileEncoding = 4; lastKnownFileType = sourcecode.c.objc; path = MyCustomCell.m; sourceTree = "<group>"; };
		CF5739E3E916A02859EE3989 /* Demo1ViewController.h */ = {isa = PBXFileReference; fileEncoding = 4; lastKnownFileType = sourcecode.c.h; path = Demo1ViewController.h; sourceTree = "<group>"; };
		CF573A1798F64CCA22C9074F /* MyNavigationController.h */ = {isa = PBXFileReference; fileEncoding = 4; lastKnownFileType = sourcecode.c.h; path = MyNavigationController.h; sourceTree = "<group>"; };
		CF573A4C6758EDA4A443528E /* ScrollViewDemoController.h */ = {isa = PBXFileReference; fileEncoding = 4; lastKnownFileType = sourcecode.c.h; path = ScrollViewDemoController.h; sourceTree = "<group>"; };
		CF573A7CDA4790A93BE441D4 /* CustomViewController.m */ = {isa = PBXFileReference; fileEncoding = 4; lastKnownFileType = sourcecode.c.objc; path = CustomViewController.m; sourceTree = "<group>"; };
		CF573A7E9CB8CB6690B8085A /* MyViewController.m */ = {isa = PBXFileReference; fileEncoding = 4; lastKnownFileType = sourcecode.c.objc; path = MyViewController.m; sourceTree = "<group>"; };
		CF573B59CD8DBFF25747FC5C /* CollectionViewController.h */ = {isa = PBXFileReference; fileEncoding = 4; lastKnownFileType = sourcecode.c.h; path = CollectionViewController.h; sourceTree = "<group>"; };
		CF573B8E0870BA35C098087F /* MyNavigationDelegate.h */ = {isa = PBXFileReference; fileEncoding = 4; lastKnownFileType = sourcecode.c.h; path = MyNavigationDelegate.h; sourceTree = "<group>"; };
		CF573D066138E173FAAA78D1 /* ViewController.h */ = {isa = PBXFileReference; fileEncoding = 4; lastKnownFileType = sourcecode.c.h; path = ViewController.h; sourceTree = "<group>"; };
		CF573DF69FD3845CB0520E4D /* CustomViewController.h */ = {isa = PBXFileReference; fileEncoding = 4; lastKnownFileType = sourcecode.c.h; path = CustomViewController.h; sourceTree = "<group>"; };
		CF573F7CD07301A564D04FD7 /* ScrollViewDemoController.m */ = {isa = PBXFileReference; fileEncoding = 4; lastKnownFileType = sourcecode.c.objc; path = ScrollViewDemoController.m; sourceTree = "<group>"; };
		D315BBE529C0557300BAEEA4 /* Player.h */ = {isa = PBXFileReference; lastKnownFileType = sourcecode.c.h; path = Player.h; sourceTree = "<group>"; };
		D315BBE629C0557300BAEEA4 /* Player.m */ = {isa = PBXFileReference; lastKnownFileType = sourcecode.c.objc; path = Player.m; sourceTree = "<group>"; };
		D32CE01729C99A7200E08836 /* EmptyCell.xib */ = {isa = PBXFileReference; lastKnownFileType = file.xib; path = EmptyCell.xib; sourceTree = "<group>"; };
		D32CE01A29C99B7B00E08836 /* MyNibView.h */ = {isa = PBXFileReference; lastKnownFileType = sourcecode.c.h; path = MyNibView.h; sourceTree = "<group>"; };
		D32CE01B29C99B7B00E08836 /* MyNibView.m */ = {isa = PBXFileReference; lastKnownFileType = sourcecode.c.objc; path = MyNibView.m; sourceTree = "<group>"; };
		D32CE01D29C99B8C00E08836 /* EmptyView.xib */ = {isa = PBXFileReference; lastKnownFileType = file.xib; path = EmptyView.xib; sourceTree = "<group>"; };
		D32D492129CA94A700443492 /* NetworkTest.m */ = {isa = PBXFileReference; lastKnownFileType = sourcecode.c.objc; path = NetworkTest.m; sourceTree = "<group>"; };
		D37AF6B429C2F267003E9CFB /* SpeakMethod.h */ = {isa = PBXFileReference; lastKnownFileType = sourcecode.c.h; path = SpeakMethod.h; sourceTree = "<group>"; };
		D37AF6B729C41573003E9CFB /* CustomUIView.h */ = {isa = PBXFileReference; lastKnownFileType = sourcecode.c.h; path = CustomUIView.h; sourceTree = "<group>"; };
		D37AF6B829C41573003E9CFB /* CustomUIView.m */ = {isa = PBXFileReference; lastKnownFileType = sourcecode.c.objc; path = CustomUIView.m; sourceTree = "<group>"; };
		D37AF6BF29C4543F003E9CFB /* CustomCircleProgress.h */ = {isa = PBXFileReference; lastKnownFileType = sourcecode.c.h; path = CustomCircleProgress.h; sourceTree = "<group>"; };
		D37AF6C029C4543F003E9CFB /* CustomCircleProgress.m */ = {isa = PBXFileReference; lastKnownFileType = sourcecode.c.objc; path = CustomCircleProgress.m; sourceTree = "<group>"; };
		D3AA881629BF3FF000C4E161 /* helloworld.app */ = {isa = PBXFileReference; explicitFileType = wrapper.application; includeInIndex = 0; path = helloworld.app; sourceTree = BUILT_PRODUCTS_DIR; };
		D3AA881929BF3FF000C4E161 /* AppDelegate.h */ = {isa = PBXFileReference; lastKnownFileType = sourcecode.c.h; path = AppDelegate.h; sourceTree = "<group>"; };
		D3AA881A29BF3FF000C4E161 /* AppDelegate.m */ = {isa = PBXFileReference; lastKnownFileType = sourcecode.c.objc; path = AppDelegate.m; sourceTree = "<group>"; };
		D3AA881C29BF3FF000C4E161 /* SceneDelegate.h */ = {isa = PBXFileReference; lastKnownFileType = sourcecode.c.h; path = SceneDelegate.h; sourceTree = "<group>"; };
		D3AA881D29BF3FF000C4E161 /* SceneDelegate.m */ = {isa = PBXFileReference; lastKnownFileType = sourcecode.c.objc; path = SceneDelegate.m; sourceTree = "<group>"; };
		D3AA882329BF3FF000C4E161 /* Base */ = {isa = PBXFileReference; lastKnownFileType = file.storyboard; name = Base; path = Base.lproj/Main.storyboard; sourceTree = "<group>"; };
		D3AA882529BF3FF200C4E161 /* Assets.xcassets */ = {isa = PBXFileReference; lastKnownFileType = folder.assetcatalog; path = Assets.xcassets; sourceTree = "<group>"; };
		D3AA882829BF3FF200C4E161 /* Base */ = {isa = PBXFileReference; lastKnownFileType = file.storyboard; name = Base; path = Base.lproj/LaunchScreen.storyboard; sourceTree = "<group>"; };
		D3AA882A29BF3FF200C4E161 /* Info.plist */ = {isa = PBXFileReference; lastKnownFileType = text.plist.xml; path = Info.plist; sourceTree = "<group>"; };
		D3AA882B29BF3FF200C4E161 /* main.m */ = {isa = PBXFileReference; lastKnownFileType = sourcecode.c.objc; path = main.m; sourceTree = "<group>"; };
		D3AA883129BF3FF300C4E161 /* helloworldTests.xctest */ = {isa = PBXFileReference; explicitFileType = wrapper.cfbundle; includeInIndex = 0; path = helloworldTests.xctest; sourceTree = BUILT_PRODUCTS_DIR; };
		D3AA883529BF3FF300C4E161 /* helloworldTests.m */ = {isa = PBXFileReference; lastKnownFileType = sourcecode.c.objc; path = helloworldTests.m; sourceTree = "<group>"; };
		D3AA883B29BF3FF300C4E161 /* helloworldUITests.xctest */ = {isa = PBXFileReference; explicitFileType = wrapper.cfbundle; includeInIndex = 0; path = helloworldUITests.xctest; sourceTree = BUILT_PRODUCTS_DIR; };
		D3AA883F29BF3FF300C4E161 /* helloworldUITests.m */ = {isa = PBXFileReference; lastKnownFileType = sourcecode.c.objc; path = helloworldUITests.m; sourceTree = "<group>"; };
		D3AA884129BF3FF300C4E161 /* helloworldUITestsLaunchTests.m */ = {isa = PBXFileReference; lastKnownFileType = sourcecode.c.objc; path = helloworldUITestsLaunchTests.m; sourceTree = "<group>"; };
		D3AE6AF829C9D4450022FC87 /* MultiThreadTest.m */ = {isa = PBXFileReference; lastKnownFileType = sourcecode.c.objc; path = MultiThreadTest.m; sourceTree = "<group>"; };
		D3DFFFD729D939A000CB08ED /* MyCustomViewController.h */ = {isa = PBXFileReference; lastKnownFileType = sourcecode.c.h; path = MyCustomViewController.h; sourceTree = "<group>"; };
		D3DFFFD829D939A000CB08ED /* MyCustomViewController.m */ = {isa = PBXFileReference; lastKnownFileType = sourcecode.c.objc; path = MyCustomViewController.m; sourceTree = "<group>"; };
		D3DFFFDC29D93C9000CB08ED /* ProgressBar.h */ = {isa = PBXFileReference; lastKnownFileType = sourcecode.c.h; path = ProgressBar.h; sourceTree = "<group>"; };
		D3DFFFDD29D93C9000CB08ED /* ProgressBar.m */ = {isa = PBXFileReference; lastKnownFileType = sourcecode.c.objc; path = ProgressBar.m; sourceTree = "<group>"; };
		D3DFFFE229D9863F00CB08ED /* CustomDnsURLSession.h */ = {isa = PBXFileReference; lastKnownFileType = sourcecode.c.h; path = CustomDnsURLSession.h; sourceTree = "<group>"; };
		D3DFFFE329D9863F00CB08ED /* CustomDnsURLSession.m */ = {isa = PBXFileReference; lastKnownFileType = sourcecode.c.objc; path = CustomDnsURLSession.m; sourceTree = "<group>"; };
		D3E2F94329C2E4100040F7B6 /* Player+PlayerExtension.h */ = {isa = PBXFileReference; lastKnownFileType = sourcecode.c.h; path = "Player+PlayerExtension.h"; sourceTree = "<group>"; };
		D3E2F94429C2E4100040F7B6 /* Player+PlayerExtension.m */ = {isa = PBXFileReference; lastKnownFileType = sourcecode.c.objc; path = "Player+PlayerExtension.m"; sourceTree = "<group>"; };
		E167D6E91B12C99981DED1AB /* Pods-helloworld.debug.xcconfig */ = {isa = PBXFileReference; includeInIndex = 1; lastKnownFileType = text.xcconfig; name = "Pods-helloworld.debug.xcconfig"; path = "Target Support Files/Pods-helloworld/Pods-helloworld.debug.xcconfig"; sourceTree = "<group>"; };
		FA10F58922BC6E272976D5E9 /* Pods-helloworld.release.xcconfig */ = {isa = PBXFileReference; includeInIndex = 1; lastKnownFileType = text.xcconfig; name = "Pods-helloworld.release.xcconfig"; path = "Target Support Files/Pods-helloworld/Pods-helloworld.release.xcconfig"; sourceTree = "<group>"; };
/* End PBXFileReference section */

/* Begin PBXFrameworksBuildPhase section */
		D3AA881329BF3FF000C4E161 /* Frameworks */ = {
			isa = PBXFrameworksBuildPhase;
			buildActionMask = 2147483647;
			files = (
				22FAB878BD96F8CF95D084C3 /* Pods_helloworld.framework in Frameworks */,
			);
			runOnlyForDeploymentPostprocessing = 0;
		};
		D3AA882E29BF3FF300C4E161 /* Frameworks */ = {
			isa = PBXFrameworksBuildPhase;
			buildActionMask = 2147483647;
			files = (
				4107E80A28125531450B0488 /* Pods_helloworldTests.framework in Frameworks */,
			);
			runOnlyForDeploymentPostprocessing = 0;
		};
		D3AA883829BF3FF300C4E161 /* Frameworks */ = {
			isa = PBXFrameworksBuildPhase;
			buildActionMask = 2147483647;
			files = (
				DADC2F64574958E8115F2C56 /* Pods_helloworld_helloworldUITests.framework in Frameworks */,
			);
			runOnlyForDeploymentPostprocessing = 0;
		};
/* End PBXFrameworksBuildPhase section */

/* Begin PBXGroup section */
		1827753E5264881863C1ABA8 /* Pods */ = {
			isa = PBXGroup;
			children = (
				E167D6E91B12C99981DED1AB /* Pods-helloworld.debug.xcconfig */,
				FA10F58922BC6E272976D5E9 /* Pods-helloworld.release.xcconfig */,
				80FD2F6F0160ABA48D78C63C /* Pods-helloworld-helloworldUITests.debug.xcconfig */,
				A74F0BD6BEA77B093D72A9FD /* Pods-helloworld-helloworldUITests.release.xcconfig */,
				1957D8C3FB02B311D447802D /* Pods-helloworldTests.debug.xcconfig */,
				99BC8E94F824CC2EE8C5FE7C /* Pods-helloworldTests.release.xcconfig */,
			);
			path = Pods;
			sourceTree = "<group>";
		};
		1FBF393BC5C0215DD77B384A /* Frameworks */ = {
			isa = PBXGroup;
			children = (
				623DD016F363176B46FC3629 /* Pods_helloworld.framework */,
				5F058FEB45C232BB1AD67225 /* Pods_helloworld_helloworldUITests.framework */,
				381436767C9A3731CAFE18B6 /* Pods_helloworldTests.framework */,
			);
			name = Frameworks;
			sourceTree = "<group>";
		};
		CF573381F35FE2AC91299DC5 /* controllers */ = {
			isa = PBXGroup;
			children = (
				CF573A7CDA4790A93BE441D4 /* CustomViewController.m */,
				CF5739E3E916A02859EE3989 /* Demo1ViewController.h */,
				CF5731F05ECAC7EA0B1B7042 /* CollectionViewController.m */,
				CF573233916F406A1FD50127 /* Demo1ViewController.m */,
				CF573DF69FD3845CB0520E4D /* CustomViewController.h */,
				CF573B59CD8DBFF25747FC5C /* CollectionViewController.h */,
				CF5733CCF76CD70F7335C0A3 /* MyViewController.h */,
				CF57335EBC24FC99F37EBDFC /* MyNavigationController.m */,
				CF573A7E9CB8CB6690B8085A /* MyViewController.m */,
				CF573A1798F64CCA22C9074F /* MyNavigationController.h */,
				CF573D066138E173FAAA78D1 /* ViewController.h */,
				CF57324AB0BDBD59BCAA70E8 /* TableDemoController.h */,
				CF573A4C6758EDA4A443528E /* ScrollViewDemoController.h */,
				CF573120960400DDDB1F6FF1 /* ViewController.m */,
				CF573F7CD07301A564D04FD7 /* ScrollViewDemoController.m */,
				CF5733618B6EF6B34CB11E5A /* TableDemoController.m */,
			);
			path = controllers;
			sourceTree = "<group>";
		};
		CF573B1F979382ADF56BDD91 /* cell */ = {
			isa = PBXGroup;
			children = (
				CF573286959D9C620A4ECBE2 /* MyCustomCell.h */,
				D32CE01729C99A7200E08836 /* EmptyCell.xib */,
				CF57372CC4449E5A1E3D9229 /* MyCustomCell.m */,
			);
			path = cell;
			sourceTree = "<group>";
		};
		CF573DE205A41F5A79D8F683 /* delegate */ = {
			isa = PBXGroup;
			children = (
				CF5735874DCB779EF7F707C7 /* MyNavigationDelegate.m */,
				CF573B8E0870BA35C098087F /* MyNavigationDelegate.h */,
			);
			path = delegate;
			sourceTree = "<group>";
		};
		D37AF6B529C304BF003E9CFB /* object_c_sty */ = {
			isa = PBXGroup;
			children = (
				D315BBE529C0557300BAEEA4 /* Player.h */,
				D315BBE629C0557300BAEEA4 /* Player.m */,
				D3E2F94329C2E4100040F7B6 /* Player+PlayerExtension.h */,
				D3E2F94429C2E4100040F7B6 /* Player+PlayerExtension.m */,
				D37AF6B429C2F267003E9CFB /* SpeakMethod.h */,
			);
			path = object_c_sty;
			sourceTree = "<group>";
		};
		D37AF6B629C4154B003E9CFB /* my_ui_view */ = {
			isa = PBXGroup;
			children = (
				D37AF6B729C41573003E9CFB /* CustomUIView.h */,
				D37AF6B829C41573003E9CFB /* CustomUIView.m */,
				D37AF6BF29C4543F003E9CFB /* CustomCircleProgress.h */,
				D37AF6C029C4543F003E9CFB /* CustomCircleProgress.m */,
				D32CE01A29C99B7B00E08836 /* MyNibView.h */,
				D32CE01B29C99B7B00E08836 /* MyNibView.m */,
				D32CE01D29C99B8C00E08836 /* EmptyView.xib */,
			);
			path = my_ui_view;
			sourceTree = "<group>";
		};
		D3AA880D29BF3FF000C4E161 = {
			isa = PBXGroup;
			children = (
				D3AA881829BF3FF000C4E161 /* helloworld */,
				D3AA883429BF3FF300C4E161 /* helloworldTests */,
				D3AA883E29BF3FF300C4E161 /* helloworldUITests */,
				D3AA881729BF3FF000C4E161 /* Products */,
				1827753E5264881863C1ABA8 /* Pods */,
				1FBF393BC5C0215DD77B384A /* Frameworks */,
			);
			sourceTree = "<group>";
		};
		D3AA881729BF3FF000C4E161 /* Products */ = {
			isa = PBXGroup;
			children = (
				D3AA881629BF3FF000C4E161 /* helloworld.app */,
				D3AA883129BF3FF300C4E161 /* helloworldTests.xctest */,
				D3AA883B29BF3FF300C4E161 /* helloworldUITests.xctest */,
			);
			name = Products;
			sourceTree = "<group>";
		};
		D3AA881829BF3FF000C4E161 /* helloworld */ = {
			isa = PBXGroup;
			children = (
				D3DFFFDA29D93B5F00CB08ED /* customView */,
				D37AF6B629C4154B003E9CFB /* my_ui_view */,
				D37AF6B529C304BF003E9CFB /* object_c_sty */,
				D3AA881929BF3FF000C4E161 /* AppDelegate.h */,
				D3AA881A29BF3FF000C4E161 /* AppDelegate.m */,
				D3AA881C29BF3FF000C4E161 /* SceneDelegate.h */,
				D3AA881D29BF3FF000C4E161 /* SceneDelegate.m */,
				D3AA882229BF3FF000C4E161 /* Main.storyboard */,
				D3AA882529BF3FF200C4E161 /* Assets.xcassets */,
				D3AA882729BF3FF200C4E161 /* LaunchScreen.storyboard */,
				D3AA882A29BF3FF200C4E161 /* Info.plist */,
				D3AA882B29BF3FF200C4E161 /* main.m */,
				CF573DE205A41F5A79D8F683 /* delegate */,
				CF573B1F979382ADF56BDD91 /* cell */,
				CF573381F35FE2AC91299DC5 /* controllers */,
			);
			path = helloworld;
			sourceTree = "<group>";
		};
		D3AA883429BF3FF300C4E161 /* helloworldTests */ = {
			isa = PBXGroup;
			children = (
				D3AA883529BF3FF300C4E161 /* helloworldTests.m */,
				D3AE6AF829C9D4450022FC87 /* MultiThreadTest.m */,
				D32D492129CA94A700443492 /* NetworkTest.m */,
				D3DFFFE229D9863F00CB08ED /* CustomDnsURLSession.h */,
				D3DFFFE329D9863F00CB08ED /* CustomDnsURLSession.m */,
			);
			path = helloworldTests;
			sourceTree = "<group>";
		};
		D3AA883E29BF3FF300C4E161 /* helloworldUITests */ = {
			isa = PBXGroup;
			children = (
				D3AA883F29BF3FF300C4E161 /* helloworldUITests.m */,
				D3AA884129BF3FF300C4E161 /* helloworldUITestsLaunchTests.m */,
			);
			path = helloworldUITests;
			sourceTree = "<group>";
		};
		D3DFFFDA29D93B5F00CB08ED /* customView */ = {
			isa = PBXGroup;
			children = (
				D3DFFFDB29D93BB800CB08ED /* progressbar */,
				D3DFFFD729D939A000CB08ED /* MyCustomViewController.h */,
				D3DFFFD829D939A000CB08ED /* MyCustomViewController.m */,
			);
			path = customView;
			sourceTree = "<group>";
		};
		D3DFFFDB29D93BB800CB08ED /* progressbar */ = {
			isa = PBXGroup;
			children = (
				D3DFFFDC29D93C9000CB08ED /* ProgressBar.h */,
				D3DFFFDD29D93C9000CB08ED /* ProgressBar.m */,
			);
			path = progressbar;
			sourceTree = "<group>";
		};
/* End PBXGroup section */

/* Begin PBXNativeTarget section */
		D3AA881529BF3FF000C4E161 /* helloworld */ = {
			isa = PBXNativeTarget;
			buildConfigurationList = D3AA884529BF3FF300C4E161 /* Build configuration list for PBXNativeTarget "helloworld" */;
			buildPhases = (
				9E42352E668BFEDD22D854AD /* [CP] Check Pods Manifest.lock */,
				D3AA881229BF3FF000C4E161 /* Sources */,
				D3AA881329BF3FF000C4E161 /* Frameworks */,
				D3AA881429BF3FF000C4E161 /* Resources */,
				ACE082827A8870F21C374B4E /* [CP] Embed Pods Frameworks */,
			);
			buildRules = (
			);
			dependencies = (
			);
			name = helloworld;
			productName = helloworld;
			productReference = D3AA881629BF3FF000C4E161 /* helloworld.app */;
			productType = "com.apple.product-type.application";
		};
		D3AA883029BF3FF300C4E161 /* helloworldTests */ = {
			isa = PBXNativeTarget;
			buildConfigurationList = D3AA884829BF3FF300C4E161 /* Build configuration list for PBXNativeTarget "helloworldTests" */;
			buildPhases = (
				4EAC2E910D7D66D74A4D907C /* [CP] Check Pods Manifest.lock */,
				D3AA882D29BF3FF300C4E161 /* Sources */,
				D3AA882E29BF3FF300C4E161 /* Frameworks */,
				D3AA882F29BF3FF300C4E161 /* Resources */,
			);
			buildRules = (
			);
			dependencies = (
				D3AA883329BF3FF300C4E161 /* PBXTargetDependency */,
			);
			name = helloworldTests;
			productName = helloworldTests;
			productReference = D3AA883129BF3FF300C4E161 /* helloworldTests.xctest */;
			productType = "com.apple.product-type.bundle.unit-test";
		};
		D3AA883A29BF3FF300C4E161 /* helloworldUITests */ = {
			isa = PBXNativeTarget;
			buildConfigurationList = D3AA884B29BF3FF300C4E161 /* Build configuration list for PBXNativeTarget "helloworldUITests" */;
			buildPhases = (
				DFC7C356A6F7DE3D5EC03DB9 /* [CP] Check Pods Manifest.lock */,
				D3AA883729BF3FF300C4E161 /* Sources */,
				D3AA883829BF3FF300C4E161 /* Frameworks */,
				D3AA883929BF3FF300C4E161 /* Resources */,
				DA89896E697103908507F0B9 /* [CP] Embed Pods Frameworks */,
			);
			buildRules = (
			);
			dependencies = (
				D3AA883D29BF3FF300C4E161 /* PBXTargetDependency */,
			);
			name = helloworldUITests;
			productName = helloworldUITests;
			productReference = D3AA883B29BF3FF300C4E161 /* helloworldUITests.xctest */;
			productType = "com.apple.product-type.bundle.ui-testing";
		};
/* End PBXNativeTarget section */

/* Begin PBXProject section */
		D3AA880E29BF3FF000C4E161 /* Project object */ = {
			isa = PBXProject;
			attributes = {
				BuildIndependentTargetsInParallel = 1;
				LastUpgradeCheck = 1400;
				TargetAttributes = {
					D3AA881529BF3FF000C4E161 = {
						CreatedOnToolsVersion = 14.0.1;
					};
					D3AA883029BF3FF300C4E161 = {
						CreatedOnToolsVersion = 14.0.1;
						TestTargetID = D3AA881529BF3FF000C4E161;
					};
					D3AA883A29BF3FF300C4E161 = {
						CreatedOnToolsVersion = 14.0.1;
						TestTargetID = D3AA881529BF3FF000C4E161;
					};
				};
			};
			buildConfigurationList = D3AA881129BF3FF000C4E161 /* Build configuration list for PBXProject "helloworld" */;
			compatibilityVersion = "Xcode 14.0";
			developmentRegion = en;
			hasScannedForEncodings = 0;
			knownRegions = (
				en,
				Base,
			);
			mainGroup = D3AA880D29BF3FF000C4E161;
			productRefGroup = D3AA881729BF3FF000C4E161 /* Products */;
			projectDirPath = "";
			projectRoot = "";
			targets = (
				D3AA881529BF3FF000C4E161 /* helloworld */,
				D3AA883029BF3FF300C4E161 /* helloworldTests */,
				D3AA883A29BF3FF300C4E161 /* helloworldUITests */,
			);
		};
/* End PBXProject section */

/* Begin PBXResourcesBuildPhase section */
		D3AA881429BF3FF000C4E161 /* Resources */ = {
			isa = PBXResourcesBuildPhase;
			buildActionMask = 2147483647;
			files = (
				D3AA882929BF3FF200C4E161 /* LaunchScreen.storyboard in Resources */,
				D32CE01829C99A7200E08836 /* EmptyCell.xib in Resources */,
				D3AA882629BF3FF200C4E161 /* Assets.xcassets in Resources */,
				D32CE01E29C99B8C00E08836 /* EmptyView.xib in Resources */,
				D3AA882429BF3FF000C4E161 /* Main.storyboard in Resources */,
			);
			runOnlyForDeploymentPostprocessing = 0;
		};
		D3AA882F29BF3FF300C4E161 /* Resources */ = {
			isa = PBXResourcesBuildPhase;
			buildActionMask = 2147483647;
			files = (
			);
			runOnlyForDeploymentPostprocessing = 0;
		};
		D3AA883929BF3FF300C4E161 /* Resources */ = {
			isa = PBXResourcesBuildPhase;
			buildActionMask = 2147483647;
			files = (
			);
			runOnlyForDeploymentPostprocessing = 0;
		};
/* End PBXResourcesBuildPhase section */

/* Begin PBXShellScriptBuildPhase section */
		4EAC2E910D7D66D74A4D907C /* [CP] Check Pods Manifest.lock */ = {
			isa = PBXShellScriptBuildPhase;
			buildActionMask = 2147483647;
			files = (
			);
			inputFileListPaths = (
			);
			inputPaths = (
				"${PODS_PODFILE_DIR_PATH}/Podfile.lock",
				"${PODS_ROOT}/Manifest.lock",
			);
			name = "[CP] Check Pods Manifest.lock";
			outputFileListPaths = (
			);
			outputPaths = (
				"$(DERIVED_FILE_DIR)/Pods-helloworldTests-checkManifestLockResult.txt",
			);
			runOnlyForDeploymentPostprocessing = 0;
			shellPath = /bin/sh;
			shellScript = "diff \"${PODS_PODFILE_DIR_PATH}/Podfile.lock\" \"${PODS_ROOT}/Manifest.lock\" > /dev/null\nif [ $? != 0 ] ; then\n    # print error to STDERR\n    echo \"error: The sandbox is not in sync with the Podfile.lock. Run 'pod install' or update your CocoaPods installation.\" >&2\n    exit 1\nfi\n# This output is used by Xcode 'outputs' to avoid re-running this script phase.\necho \"SUCCESS\" > \"${SCRIPT_OUTPUT_FILE_0}\"\n";
			showEnvVarsInLog = 0;
		};
		9E42352E668BFEDD22D854AD /* [CP] Check Pods Manifest.lock */ = {
			isa = PBXShellScriptBuildPhase;
			buildActionMask = 2147483647;
			files = (
			);
			inputFileListPaths = (
			);
			inputPaths = (
				"${PODS_PODFILE_DIR_PATH}/Podfile.lock",
				"${PODS_ROOT}/Manifest.lock",
			);
			name = "[CP] Check Pods Manifest.lock";
			outputFileListPaths = (
			);
			outputPaths = (
				"$(DERIVED_FILE_DIR)/Pods-helloworld-checkManifestLockResult.txt",
			);
			runOnlyForDeploymentPostprocessing = 0;
			shellPath = /bin/sh;
			shellScript = "diff \"${PODS_PODFILE_DIR_PATH}/Podfile.lock\" \"${PODS_ROOT}/Manifest.lock\" > /dev/null\nif [ $? != 0 ] ; then\n    # print error to STDERR\n    echo \"error: The sandbox is not in sync with the Podfile.lock. Run 'pod install' or update your CocoaPods installation.\" >&2\n    exit 1\nfi\n# This output is used by Xcode 'outputs' to avoid re-running this script phase.\necho \"SUCCESS\" > \"${SCRIPT_OUTPUT_FILE_0}\"\n";
			showEnvVarsInLog = 0;
		};
		ACE082827A8870F21C374B4E /* [CP] Embed Pods Frameworks */ = {
			isa = PBXShellScriptBuildPhase;
			buildActionMask = 2147483647;
			files = (
			);
			inputFileListPaths = (
				"${PODS_ROOT}/Target Support Files/Pods-helloworld/Pods-helloworld-frameworks-${CONFIGURATION}-input-files.xcfilelist",
			);
			name = "[CP] Embed Pods Frameworks";
			outputFileListPaths = (
				"${PODS_ROOT}/Target Support Files/Pods-helloworld/Pods-helloworld-frameworks-${CONFIGURATION}-output-files.xcfilelist",
			);
			runOnlyForDeploymentPostprocessing = 0;
			shellPath = /bin/sh;
			shellScript = "\"${PODS_ROOT}/Target Support Files/Pods-helloworld/Pods-helloworld-frameworks.sh\"\n";
			showEnvVarsInLog = 0;
		};
		DA89896E697103908507F0B9 /* [CP] Embed Pods Frameworks */ = {
			isa = PBXShellScriptBuildPhase;
			buildActionMask = 2147483647;
			files = (
			);
			inputFileListPaths = (
				"${PODS_ROOT}/Target Support Files/Pods-helloworld-helloworldUITests/Pods-helloworld-helloworldUITests-frameworks-${CONFIGURATION}-input-files.xcfilelist",
			);
			name = "[CP] Embed Pods Frameworks";
			outputFileListPaths = (
				"${PODS_ROOT}/Target Support Files/Pods-helloworld-helloworldUITests/Pods-helloworld-helloworldUITests-frameworks-${CONFIGURATION}-output-files.xcfilelist",
			);
			runOnlyForDeploymentPostprocessing = 0;
			shellPath = /bin/sh;
			shellScript = "\"${PODS_ROOT}/Target Support Files/Pods-helloworld-helloworldUITests/Pods-helloworld-helloworldUITests-frameworks.sh\"\n";
			showEnvVarsInLog = 0;
		};
		DFC7C356A6F7DE3D5EC03DB9 /* [CP] Check Pods Manifest.lock */ = {
			isa = PBXShellScriptBuildPhase;
			buildActionMask = 2147483647;
			files = (
			);
			inputFileListPaths = (
			);
			inputPaths = (
				"${PODS_PODFILE_DIR_PATH}/Podfile.lock",
				"${PODS_ROOT}/Manifest.lock",
			);
			name = "[CP] Check Pods Manifest.lock";
			outputFileListPaths = (
			);
			outputPaths = (
				"$(DERIVED_FILE_DIR)/Pods-helloworld-helloworldUITests-checkManifestLockResult.txt",
			);
			runOnlyForDeploymentPostprocessing = 0;
			shellPath = /bin/sh;
			shellScript = "diff \"${PODS_PODFILE_DIR_PATH}/Podfile.lock\" \"${PODS_ROOT}/Manifest.lock\" > /dev/null\nif [ $? != 0 ] ; then\n    # print error to STDERR\n    echo \"error: The sandbox is not in sync with the Podfile.lock. Run 'pod install' or update your CocoaPods installation.\" >&2\n    exit 1\nfi\n# This output is used by Xcode 'outputs' to avoid re-running this script phase.\necho \"SUCCESS\" > \"${SCRIPT_OUTPUT_FILE_0}\"\n";
			showEnvVarsInLog = 0;
		};
/* End PBXShellScriptBuildPhase section */

/* Begin PBXSourcesBuildPhase section */
		D3AA881229BF3FF000C4E161 /* Sources */ = {
			isa = PBXSourcesBuildPhase;
			buildActionMask = 2147483647;
			files = (
				D32CE01C29C99B7B00E08836 /* MyNibView.m in Sources */,
				D315BBE729C0557300BAEEA4 /* Player.m in Sources */,
				D3AA881B29BF3FF000C4E161 /* AppDelegate.m in Sources */,
				D37AF6B929C41573003E9CFB /* CustomUIView.m in Sources */,
				D3DFFFD929D939A000CB08ED /* MyCustomViewController.m in Sources */,
				D3E2F94529C2E4100040F7B6 /* Player+PlayerExtension.m in Sources */,
				D3AA882C29BF3FF200C4E161 /* main.m in Sources */,
				D3AA881E29BF3FF000C4E161 /* SceneDelegate.m in Sources */,
				D37AF6C129C45440003E9CFB /* CustomCircleProgress.m in Sources */,
				CF57329FCA9F180C97EC4EF2 /* MyNavigationDelegate.m in Sources */,
				CF5731B4260C7FCCFDC16F89 /* MyCustomCell.m in Sources */,
				CF573D202982B44F2C254CE5 /* CustomViewController.m in Sources */,
				CF573F813F29C186BD7C28D3 /* CollectionViewController.m in Sources */,
				CF573F53D3642FFE3F7A493B /* Demo1ViewController.m in Sources */,
				D3DFFFDE29D93C9000CB08ED /* ProgressBar.m in Sources */,
				CF5737CF20564B0DB5B3D8D0 /* MyNavigationController.m in Sources */,
				CF573177F906BCD4BA9EDF3F /* MyViewController.m in Sources */,
				CF57370BD896EC8E0BCDDBCB /* ViewController.m in Sources */,
				CF573FEF36493794BE890B26 /* ScrollViewDemoController.m in Sources */,
				CF57378D2C6B32818C4C2D9A /* TableDemoController.m in Sources */,
			);
			runOnlyForDeploymentPostprocessing = 0;
		};
		D3AA882D29BF3FF300C4E161 /* Sources */ = {
			isa = PBXSourcesBuildPhase;
			buildActionMask = 2147483647;
			files = (
				D3AA883629BF3FF300C4E161 /* helloworldTests.m in Sources */,
				D3AE6AF929C9D4450022FC87 /* MultiThreadTest.m in Sources */,
				D32D492229CA94A700443492 /* NetworkTest.m in Sources */,
				D3DFFFE429D9863F00CB08ED /* CustomDnsURLSession.m in Sources */,
			);
			runOnlyForDeploymentPostprocessing = 0;
		};
		D3AA883729BF3FF300C4E161 /* Sources */ = {
			isa = PBXSourcesBuildPhase;
			buildActionMask = 2147483647;
			files = (
				D3AA884229BF3FF300C4E161 /* helloworldUITestsLaunchTests.m in Sources */,
				D3AA884029BF3FF300C4E161 /* helloworldUITests.m in Sources */,
			);
			runOnlyForDeploymentPostprocessing = 0;
		};
/* End PBXSourcesBuildPhase section */

/* Begin PBXTargetDependency section */
		D3AA883329BF3FF300C4E161 /* PBXTargetDependency */ = {
			isa = PBXTargetDependency;
			target = D3AA881529BF3FF000C4E161 /* helloworld */;
			targetProxy = D3AA883229BF3FF300C4E161 /* PBXContainerItemProxy */;
		};
		D3AA883D29BF3FF300C4E161 /* PBXTargetDependency */ = {
			isa = PBXTargetDependency;
			target = D3AA881529BF3FF000C4E161 /* helloworld */;
			targetProxy = D3AA883C29BF3FF300C4E161 /* PBXContainerItemProxy */;
		};
/* End PBXTargetDependency section */

/* Begin PBXVariantGroup section */
		D3AA882229BF3FF000C4E161 /* Main.storyboard */ = {
			isa = PBXVariantGroup;
			children = (
				D3AA882329BF3FF000C4E161 /* Base */,
			);
			name = Main.storyboard;
			sourceTree = "<group>";
		};
		D3AA882729BF3FF200C4E161 /* LaunchScreen.storyboard */ = {
			isa = PBXVariantGroup;
			children = (
				D3AA882829BF3FF200C4E161 /* Base */,
			);
			name = LaunchScreen.storyboard;
			sourceTree = "<group>";
		};
/* End PBXVariantGroup section */

/* Begin XCBuildConfiguration section */
		D3AA884329BF3FF300C4E161 /* Debug */ = {
			isa = XCBuildConfiguration;
			buildSettings = {
				ALWAYS_SEARCH_USER_PATHS = NO;
				CLANG_ANALYZER_NONNULL = YES;
				CLANG_ANALYZER_NUMBER_OBJECT_CONVERSION = YES_AGGRESSIVE;
				CLANG_CXX_LANGUAGE_STANDARD = "gnu++20";
				CLANG_ENABLE_MODULES = YES;
				CLANG_ENABLE_OBJC_ARC = YES;
				CLANG_ENABLE_OBJC_WEAK = YES;
				CLANG_WARN_BLOCK_CAPTURE_AUTORELEASING = YES;
				CLANG_WARN_BOOL_CONVERSION = YES;
				CLANG_WARN_COMMA = YES;
				CLANG_WARN_CONSTANT_CONVERSION = YES;
				CLANG_WARN_DEPRECATED_OBJC_IMPLEMENTATIONS = YES;
				CLANG_WARN_DIRECT_OBJC_ISA_USAGE = YES_ERROR;
				CLANG_WARN_DOCUMENTATION_COMMENTS = YES;
				CLANG_WARN_EMPTY_BODY = YES;
				CLANG_WARN_ENUM_CONVERSION = YES;
				CLANG_WARN_INFINITE_RECURSION = YES;
				CLANG_WARN_INT_CONVERSION = YES;
				CLANG_WARN_NON_LITERAL_NULL_CONVERSION = YES;
				CLANG_WARN_OBJC_IMPLICIT_RETAIN_SELF = YES;
				CLANG_WARN_OBJC_LITERAL_CONVERSION = YES;
				CLANG_WARN_OBJC_ROOT_CLASS = YES_ERROR;
				CLANG_WARN_QUOTED_INCLUDE_IN_FRAMEWORK_HEADER = YES;
				CLANG_WARN_RANGE_LOOP_ANALYSIS = YES;
				CLANG_WARN_STRICT_PROTOTYPES = YES;
				CLANG_WARN_SUSPICIOUS_MOVE = YES;
				CLANG_WARN_UNGUARDED_AVAILABILITY = YES_AGGRESSIVE;
				CLANG_WARN_UNREACHABLE_CODE = YES;
				CLANG_WARN__DUPLICATE_METHOD_MATCH = YES;
				COPY_PHASE_STRIP = NO;
				DEBUG_INFORMATION_FORMAT = dwarf;
				ENABLE_STRICT_OBJC_MSGSEND = YES;
				ENABLE_TESTABILITY = YES;
				GCC_C_LANGUAGE_STANDARD = gnu11;
				GCC_DYNAMIC_NO_PIC = NO;
				GCC_NO_COMMON_BLOCKS = YES;
				GCC_OPTIMIZATION_LEVEL = 0;
				GCC_PREPROCESSOR_DEFINITIONS = (
					"DEBUG=1",
					"$(inherited)",
				);
				GCC_WARN_64_TO_32_BIT_CONVERSION = YES;
				GCC_WARN_ABOUT_RETURN_TYPE = YES_ERROR;
				GCC_WARN_UNDECLARED_SELECTOR = YES;
				GCC_WARN_UNINITIALIZED_AUTOS = YES_AGGRESSIVE;
				GCC_WARN_UNUSED_FUNCTION = YES;
				GCC_WARN_UNUSED_VARIABLE = YES;
				IPHONEOS_DEPLOYMENT_TARGET = 16.0;
				MTL_ENABLE_DEBUG_INFO = INCLUDE_SOURCE;
				MTL_FAST_MATH = YES;
				ONLY_ACTIVE_ARCH = YES;
				SDKROOT = iphoneos;
			};
			name = Debug;
		};
		D3AA884429BF3FF300C4E161 /* Release */ = {
			isa = XCBuildConfiguration;
			buildSettings = {
				ALWAYS_SEARCH_USER_PATHS = NO;
				CLANG_ANALYZER_NONNULL = YES;
				CLANG_ANALYZER_NUMBER_OBJECT_CONVERSION = YES_AGGRESSIVE;
				CLANG_CXX_LANGUAGE_STANDARD = "gnu++20";
				CLANG_ENABLE_MODULES = YES;
				CLANG_ENABLE_OBJC_ARC = YES;
				CLANG_ENABLE_OBJC_WEAK = YES;
				CLANG_WARN_BLOCK_CAPTURE_AUTORELEASING = YES;
				CLANG_WARN_BOOL_CONVERSION = YES;
				CLANG_WARN_COMMA = YES;
				CLANG_WARN_CONSTANT_CONVERSION = YES;
				CLANG_WARN_DEPRECATED_OBJC_IMPLEMENTATIONS = YES;
				CLANG_WARN_DIRECT_OBJC_ISA_USAGE = YES_ERROR;
				CLANG_WARN_DOCUMENTATION_COMMENTS = YES;
				CLANG_WARN_EMPTY_BODY = YES;
				CLANG_WARN_ENUM_CONVERSION = YES;
				CLANG_WARN_INFINITE_RECURSION = YES;
				CLANG_WARN_INT_CONVERSION = YES;
				CLANG_WARN_NON_LITERAL_NULL_CONVERSION = YES;
				CLANG_WARN_OBJC_IMPLICIT_RETAIN_SELF = YES;
				CLANG_WARN_OBJC_LITERAL_CONVERSION = YES;
				CLANG_WARN_OBJC_ROOT_CLASS = YES_ERROR;
				CLANG_WARN_QUOTED_INCLUDE_IN_FRAMEWORK_HEADER = YES;
				CLANG_WARN_RANGE_LOOP_ANALYSIS = YES;
				CLANG_WARN_STRICT_PROTOTYPES = YES;
				CLANG_WARN_SUSPICIOUS_MOVE = YES;
				CLANG_WARN_UNGUARDED_AVAILABILITY = YES_AGGRESSIVE;
				CLANG_WARN_UNREACHABLE_CODE = YES;
				CLANG_WARN__DUPLICATE_METHOD_MATCH = YES;
				COPY_PHASE_STRIP = NO;
				DEBUG_INFORMATION_FORMAT = "dwarf-with-dsym";
				ENABLE_NS_ASSERTIONS = NO;
				ENABLE_STRICT_OBJC_MSGSEND = YES;
				GCC_C_LANGUAGE_STANDARD = gnu11;
				GCC_NO_COMMON_BLOCKS = YES;
				GCC_WARN_64_TO_32_BIT_CONVERSION = YES;
				GCC_WARN_ABOUT_RETURN_TYPE = YES_ERROR;
				GCC_WARN_UNDECLARED_SELECTOR = YES;
				GCC_WARN_UNINITIALIZED_AUTOS = YES_AGGRESSIVE;
				GCC_WARN_UNUSED_FUNCTION = YES;
				GCC_WARN_UNUSED_VARIABLE = YES;
				IPHONEOS_DEPLOYMENT_TARGET = 16.0;
				MTL_ENABLE_DEBUG_INFO = NO;
				MTL_FAST_MATH = YES;
				SDKROOT = iphoneos;
				VALIDATE_PRODUCT = YES;
			};
			name = Release;
		};
		D3AA884629BF3FF300C4E161 /* Debug */ = {
			isa = XCBuildConfiguration;
			baseConfigurationReference = E167D6E91B12C99981DED1AB /* Pods-helloworld.debug.xcconfig */;
			buildSettings = {
				ASSETCATALOG_COMPILER_APPICON_NAME = AppIcon;
				ASSETCATALOG_COMPILER_GLOBAL_ACCENT_COLOR_NAME = AccentColor;
				CODE_SIGN_STYLE = Automatic;
				CURRENT_PROJECT_VERSION = 1;
				DEVELOPMENT_TEAM = TFN6MQ6M96;
				GENERATE_INFOPLIST_FILE = YES;
				INFOPLIST_FILE = helloworld/Info.plist;
				INFOPLIST_KEY_UIApplicationSupportsIndirectInputEvents = YES;
				INFOPLIST_KEY_UILaunchStoryboardName = LaunchScreen;
				INFOPLIST_KEY_UIMainStoryboardFile = Main;
				INFOPLIST_KEY_UISupportedInterfaceOrientations_iPad = "UIInterfaceOrientationPortrait UIInterfaceOrientationPortraitUpsideDown UIInterfaceOrientationLandscapeLeft UIInterfaceOrientationLandscapeRight";
				INFOPLIST_KEY_UISupportedInterfaceOrientations_iPhone = "UIInterfaceOrientationPortrait UIInterfaceOrientationLandscapeLeft UIInterfaceOrientationLandscapeRight";
				IPHONEOS_DEPLOYMENT_TARGET = 14.0;
				LD_RUNPATH_SEARCH_PATHS = (
					"$(inherited)",
					"@executable_path/Frameworks",
				);
				MARKETING_VERSION = 1.0;
				PRODUCT_BUNDLE_IDENTIFIER = com.example.helloworld;
				PRODUCT_NAME = "$(TARGET_NAME)";
				SWIFT_EMIT_LOC_STRINGS = YES;
				TARGETED_DEVICE_FAMILY = "1,2";
			};
			name = Debug;
		};
		D3AA884729BF3FF300C4E161 /* Release */ = {
			isa = XCBuildConfiguration;
			baseConfigurationReference = FA10F58922BC6E272976D5E9 /* Pods-helloworld.release.xcconfig */;
			buildSettings = {
				ASSETCATALOG_COMPILER_APPICON_NAME = AppIcon;
				ASSETCATALOG_COMPILER_GLOBAL_ACCENT_COLOR_NAME = AccentColor;
				CODE_SIGN_STYLE = Automatic;
				CURRENT_PROJECT_VERSION = 1;
				DEVELOPMENT_TEAM = TFN6MQ6M96;
				GENERATE_INFOPLIST_FILE = YES;
				INFOPLIST_FILE = helloworld/Info.plist;
				INFOPLIST_KEY_UIApplicationSupportsIndirectInputEvents = YES;
				INFOPLIST_KEY_UILaunchStoryboardName = LaunchScreen;
				INFOPLIST_KEY_UIMainStoryboardFile = Main;
				INFOPLIST_KEY_UISupportedInterfaceOrientations_iPad = "UIInterfaceOrientationPortrait UIInterfaceOrientationPortraitUpsideDown UIInterfaceOrientationLandscapeLeft UIInterfaceOrientationLandscapeRight";
				INFOPLIST_KEY_UISupportedInterfaceOrientations_iPhone = "UIInterfaceOrientationPortrait UIInterfaceOrientationLandscapeLeft UIInterfaceOrientationLandscapeRight";
				IPHONEOS_DEPLOYMENT_TARGET = 14.0;
				LD_RUNPATH_SEARCH_PATHS = (
					"$(inherited)",
					"@executable_path/Frameworks",
				);
				MARKETING_VERSION = 1.0;
				PRODUCT_BUNDLE_IDENTIFIER = com.example.helloworld;
				PRODUCT_NAME = "$(TARGET_NAME)";
				SWIFT_EMIT_LOC_STRINGS = YES;
				TARGETED_DEVICE_FAMILY = "1,2";
			};
			name = Release;
		};
		D3AA884929BF3FF300C4E161 /* Debug */ = {
			isa = XCBuildConfiguration;
			baseConfigurationReference = 1957D8C3FB02B311D447802D /* Pods-helloworldTests.debug.xcconfig */;
			buildSettings = {
				BUNDLE_LOADER = "$(TEST_HOST)";
				CODE_SIGN_STYLE = Automatic;
				CURRENT_PROJECT_VERSION = 1;
				DEVELOPMENT_TEAM = TFN6MQ6M96;
				GENERATE_INFOPLIST_FILE = YES;
				IPHONEOS_DEPLOYMENT_TARGET = 14.0;
				MARKETING_VERSION = 1.0;
				PRODUCT_BUNDLE_IDENTIFIER = com.example.helloworldTests;
				PRODUCT_NAME = "$(TARGET_NAME)";
				SWIFT_EMIT_LOC_STRINGS = NO;
				TARGETED_DEVICE_FAMILY = "1,2";
				TEST_HOST = "$(BUILT_PRODUCTS_DIR)/helloworld.app/$(BUNDLE_EXECUTABLE_FOLDER_PATH)/helloworld";
			};
			name = Debug;
		};
		D3AA884A29BF3FF300C4E161 /* Release */ = {
			isa = XCBuildConfiguration;
			baseConfigurationReference = 99BC8E94F824CC2EE8C5FE7C /* Pods-helloworldTests.release.xcconfig */;
			buildSettings = {
				BUNDLE_LOADER = "$(TEST_HOST)";
				CODE_SIGN_STYLE = Automatic;
				CURRENT_PROJECT_VERSION = 1;
				DEVELOPMENT_TEAM = TFN6MQ6M96;
				GENERATE_INFOPLIST_FILE = YES;
				IPHONEOS_DEPLOYMENT_TARGET = 14.0;
				MARKETING_VERSION = 1.0;
				PRODUCT_BUNDLE_IDENTIFIER = com.example.helloworldTests;
				PRODUCT_NAME = "$(TARGET_NAME)";
				SWIFT_EMIT_LOC_STRINGS = NO;
				TARGETED_DEVICE_FAMILY = "1,2";
				TEST_HOST = "$(BUILT_PRODUCTS_DIR)/helloworld.app/$(BUNDLE_EXECUTABLE_FOLDER_PATH)/helloworld";
			};
			name = Release;
		};
		D3AA884C29BF3FF300C4E161 /* Debug */ = {
			isa = XCBuildConfiguration;
			baseConfigurationReference = 80FD2F6F0160ABA48D78C63C /* Pods-helloworld-helloworldUITests.debug.xcconfig */;
			buildSettings = {
				CODE_SIGN_STYLE = Automatic;
				CURRENT_PROJECT_VERSION = 1;
				DEVELOPMENT_TEAM = TFN6MQ6M96;
				GENERATE_INFOPLIST_FILE = YES;
				IPHONEOS_DEPLOYMENT_TARGET = 14.0;
				MARKETING_VERSION = 1.0;
				PRODUCT_BUNDLE_IDENTIFIER = com.example.helloworldUITests;
				PRODUCT_NAME = "$(TARGET_NAME)";
				SWIFT_EMIT_LOC_STRINGS = NO;
				TARGETED_DEVICE_FAMILY = "1,2";
				TEST_TARGET_NAME = helloworld;
			};
			name = Debug;
		};
		D3AA884D29BF3FF300C4E161 /* Release */ = {
			isa = XCBuildConfiguration;
			baseConfigurationReference = A74F0BD6BEA77B093D72A9FD /* Pods-helloworld-helloworldUITests.release.xcconfig */;
			buildSettings = {
				CODE_SIGN_STYLE = Automatic;
				CURRENT_PROJECT_VERSION = 1;
				DEVELOPMENT_TEAM = TFN6MQ6M96;
				GENERATE_INFOPLIST_FILE = YES;
				IPHONEOS_DEPLOYMENT_TARGET = 14.0;
				MARKETING_VERSION = 1.0;
				PRODUCT_BUNDLE_IDENTIFIER = com.example.helloworldUITests;
				PRODUCT_NAME = "$(TARGET_NAME)";
				SWIFT_EMIT_LOC_STRINGS = NO;
				TARGETED_DEVICE_FAMILY = "1,2";
				TEST_TARGET_NAME = helloworld;
			};
			name = Release;
		};
/* End XCBuildConfiguration section */

/* Begin XCConfigurationList section */
		D3AA881129BF3FF000C4E161 /* Build configuration list for PBXProject "helloworld" */ = {
			isa = XCConfigurationList;
			buildConfigurations = (
				D3AA884329BF3FF300C4E161 /* Debug */,
				D3AA884429BF3FF300C4E161 /* Release */,
			);
			defaultConfigurationIsVisible = 0;
			defaultConfigurationName = Release;
		};
		D3AA884529BF3FF300C4E161 /* Build configuration list for PBXNativeTarget "helloworld" */ = {
			isa = XCConfigurationList;
			buildConfigurations = (
				D3AA884629BF3FF300C4E161 /* Debug */,
				D3AA884729BF3FF300C4E161 /* Release */,
			);
			defaultConfigurationIsVisible = 0;
			defaultConfigurationName = Release;
		};
		D3AA884829BF3FF300C4E161 /* Build configuration list for PBXNativeTarget "helloworldTests" */ = {
			isa = XCConfigurationList;
			buildConfigurations = (
				D3AA884929BF3FF300C4E161 /* Debug */,
				D3AA884A29BF3FF300C4E161 /* Release */,
			);
			defaultConfigurationIsVisible = 0;
			defaultConfigurationName = Release;
		};
		D3AA884B29BF3FF300C4E161 /* Build configuration list for PBXNativeTarget "helloworldUITests" */ = {
			isa = XCConfigurationList;
			buildConfigurations = (
				D3AA884C29BF3FF300C4E161 /* Debug */,
				D3AA884D29BF3FF300C4E161 /* Release */,
			);
			defaultConfigurationIsVisible = 0;
			defaultConfigurationName = Release;
		};
/* End XCConfigurationList section */
	};
	rootObject = D3AA880E29BF3FF000C4E161 /* Project object */;
}
